
Microsoft Visual Studio Solution File, Format Version 12.00
# Visual Studio 2013
VisualStudioVersion = 12.0.21005.1
MinimumVisualStudioVersion = 10.0.40219.1
Project("{FAE04EC0-301F-11D3-BF4B-00C04F79EFBC}") = "SmartDeviceApp", "SmartDeviceApp\SmartDeviceApp.csproj", "{75CCCE90-11AA-405D-A128-FEA952708D15}"
	ProjectSection(ProjectDependencies) = postProject
		{A8792925-8347-4B0E-BD5A-C04FDB0BB5B2} = {A8792925-8347-4B0E-BD5A-C04FDB0BB5B2}
	EndProjectSection
EndProject
Project("{FAE04EC0-301F-11D3-BF4B-00C04F79EFBC}") = "SNMP", "SNMP\SNMP.csproj", "{A8792925-8347-4B0E-BD5A-C04FDB0BB5B2}"
EndProject
Project("{FAE04EC0-301F-11D3-BF4B-00C04F79EFBC}") = "DirectPrint", "DirectPrint\DirectPrint.csproj", "{6506B581-99AD-4244-BADD-C87D3A79F11A}"
EndProject
Project("{8BC9CEB8-8B4A-11D0-8D11-00A0C91BC942}") = "DirectPrintSettings", "DirectPrintSettings\DirectPrintSettings.vcxproj", "{2AC765A5-D74D-4C9C-9E2B-C400263176CF}"
EndProject
Global
	GlobalSection(SolutionConfigurationPlatforms) = preSolution
		Debug|Any CPU = Debug|Any CPU
		Debug|ARM = Debug|ARM
		Debug|Mixed Platforms = Debug|Mixed Platforms
		Debug|Win32 = Debug|Win32
		Debug|x64 = Debug|x64
		Debug|x86 = Debug|x86
		Release-ARM|Any CPU = Release-ARM|Any CPU
		Release-ARM|ARM = Release-ARM|ARM
		Release-ARM|Mixed Platforms = Release-ARM|Mixed Platforms
		Release-ARM|Win32 = Release-ARM|Win32
		Release-ARM|x64 = Release-ARM|x64
		Release-ARM|x86 = Release-ARM|x86
		Release-PC|Any CPU = Release-PC|Any CPU
		Release-PC|ARM = Release-PC|ARM
		Release-PC|Mixed Platforms = Release-PC|Mixed Platforms
		Release-PC|Win32 = Release-PC|Win32
		Release-PC|x64 = Release-PC|x64
		Release-PC|x86 = Release-PC|x86
	EndGlobalSection
	GlobalSection(ProjectConfigurationPlatforms) = postSolution
		{75CCCE90-11AA-405D-A128-FEA952708D15}.Debug|Any CPU.ActiveCfg = Debug|Any CPU
		{75CCCE90-11AA-405D-A128-FEA952708D15}.Debug|Any CPU.Build.0 = Debug|Any CPU
		{75CCCE90-11AA-405D-A128-FEA952708D15}.Debug|Any CPU.Deploy.0 = Debug|Any CPU
		{75CCCE90-11AA-405D-A128-FEA952708D15}.Debug|ARM.ActiveCfg = Debug|ARM
		{75CCCE90-11AA-405D-A128-FEA952708D15}.Debug|ARM.Build.0 = Debug|ARM
		{75CCCE90-11AA-405D-A128-FEA952708D15}.Debug|ARM.Deploy.0 = Debug|ARM
		{75CCCE90-11AA-405D-A128-FEA952708D15}.Debug|Mixed Platforms.ActiveCfg = Debug|ARM
		{75CCCE90-11AA-405D-A128-FEA952708D15}.Debug|Mixed Platforms.Build.0 = Debug|ARM
		{75CCCE90-11AA-405D-A128-FEA952708D15}.Debug|Mixed Platforms.Deploy.0 = Debug|ARM
		{75CCCE90-11AA-405D-A128-FEA952708D15}.Debug|Win32.ActiveCfg = Debug|x86
		{75CCCE90-11AA-405D-A128-FEA952708D15}.Debug|Win32.Build.0 = Debug|x86
		{75CCCE90-11AA-405D-A128-FEA952708D15}.Debug|Win32.Deploy.0 = Debug|x86
		{75CCCE90-11AA-405D-A128-FEA952708D15}.Debug|x64.ActiveCfg = Debug|x64
		{75CCCE90-11AA-405D-A128-FEA952708D15}.Debug|x64.Build.0 = Debug|x64
		{75CCCE90-11AA-405D-A128-FEA952708D15}.Debug|x64.Deploy.0 = Debug|x64
		{75CCCE90-11AA-405D-A128-FEA952708D15}.Debug|x86.ActiveCfg = Debug|x86
		{75CCCE90-11AA-405D-A128-FEA952708D15}.Debug|x86.Build.0 = Debug|x86
		{75CCCE90-11AA-405D-A128-FEA952708D15}.Debug|x86.Deploy.0 = Debug|x86
		{75CCCE90-11AA-405D-A128-FEA952708D15}.Release-ARM|Any CPU.ActiveCfg = Release|Any CPU
		{75CCCE90-11AA-405D-A128-FEA952708D15}.Release-ARM|Any CPU.Build.0 = Release|Any CPU
		{75CCCE90-11AA-405D-A128-FEA952708D15}.Release-ARM|Any CPU.Deploy.0 = Release|Any CPU
		{75CCCE90-11AA-405D-A128-FEA952708D15}.Release-ARM|ARM.ActiveCfg = Release|ARM
		{75CCCE90-11AA-405D-A128-FEA952708D15}.Release-ARM|ARM.Build.0 = Release|ARM
		{75CCCE90-11AA-405D-A128-FEA952708D15}.Release-ARM|ARM.Deploy.0 = Release|ARM
		{75CCCE90-11AA-405D-A128-FEA952708D15}.Release-ARM|Mixed Platforms.ActiveCfg = Release|ARM
		{75CCCE90-11AA-405D-A128-FEA952708D15}.Release-ARM|Mixed Platforms.Build.0 = Release|ARM
		{75CCCE90-11AA-405D-A128-FEA952708D15}.Release-ARM|Mixed Platforms.Deploy.0 = Release|ARM
		{75CCCE90-11AA-405D-A128-FEA952708D15}.Release-ARM|Win32.ActiveCfg = Release|x86
		{75CCCE90-11AA-405D-A128-FEA952708D15}.Release-ARM|Win32.Build.0 = Release|x86
		{75CCCE90-11AA-405D-A128-FEA952708D15}.Release-ARM|Win32.Deploy.0 = Release|x86
		{75CCCE90-11AA-405D-A128-FEA952708D15}.Release-ARM|x64.ActiveCfg = Release|x64
		{75CCCE90-11AA-405D-A128-FEA952708D15}.Release-ARM|x64.Build.0 = Release|x64
		{75CCCE90-11AA-405D-A128-FEA952708D15}.Release-ARM|x64.Deploy.0 = Release|x64
		{75CCCE90-11AA-405D-A128-FEA952708D15}.Release-ARM|x86.ActiveCfg = Release|x86
		{75CCCE90-11AA-405D-A128-FEA952708D15}.Release-ARM|x86.Build.0 = Release|x86
		{75CCCE90-11AA-405D-A128-FEA952708D15}.Release-ARM|x86.Deploy.0 = Release|x86
		{75CCCE90-11AA-405D-A128-FEA952708D15}.Release-PC|Any CPU.ActiveCfg = Release-PC|Any CPU
		{75CCCE90-11AA-405D-A128-FEA952708D15}.Release-PC|Any CPU.Build.0 = Release-PC|Any CPU
		{75CCCE90-11AA-405D-A128-FEA952708D15}.Release-PC|Any CPU.Deploy.0 = Release-PC|Any CPU
		{75CCCE90-11AA-405D-A128-FEA952708D15}.Release-PC|ARM.ActiveCfg = Release-PC|ARM
		{75CCCE90-11AA-405D-A128-FEA952708D15}.Release-PC|ARM.Build.0 = Release-PC|ARM
		{75CCCE90-11AA-405D-A128-FEA952708D15}.Release-PC|ARM.Deploy.0 = Release-PC|ARM
		{75CCCE90-11AA-405D-A128-FEA952708D15}.Release-PC|Mixed Platforms.ActiveCfg = Release-PC|x86
		{75CCCE90-11AA-405D-A128-FEA952708D15}.Release-PC|Mixed Platforms.Build.0 = Release-PC|x86
		{75CCCE90-11AA-405D-A128-FEA952708D15}.Release-PC|Mixed Platforms.Deploy.0 = Release-PC|x86
		{75CCCE90-11AA-405D-A128-FEA952708D15}.Release-PC|Win32.ActiveCfg = Release-PC|x86
		{75CCCE90-11AA-405D-A128-FEA952708D15}.Release-PC|Win32.Build.0 = Release-PC|x86
		{75CCCE90-11AA-405D-A128-FEA952708D15}.Release-PC|Win32.Deploy.0 = Release-PC|x86
		{75CCCE90-11AA-405D-A128-FEA952708D15}.Release-PC|x64.ActiveCfg = Release-PC|x64
		{75CCCE90-11AA-405D-A128-FEA952708D15}.Release-PC|x64.Build.0 = Release-PC|x64
		{75CCCE90-11AA-405D-A128-FEA952708D15}.Release-PC|x64.Deploy.0 = Release-PC|x64
		{75CCCE90-11AA-405D-A128-FEA952708D15}.Release-PC|x86.ActiveCfg = Release-PC|x86
		{75CCCE90-11AA-405D-A128-FEA952708D15}.Release-PC|x86.Build.0 = Release-PC|x86
		{75CCCE90-11AA-405D-A128-FEA952708D15}.Release-PC|x86.Deploy.0 = Release-PC|x86
		{A8792925-8347-4B0E-BD5A-C04FDB0BB5B2}.Debug|Any CPU.ActiveCfg = Debug|Any CPU
		{A8792925-8347-4B0E-BD5A-C04FDB0BB5B2}.Debug|Any CPU.Build.0 = Debug|Any CPU
		{A8792925-8347-4B0E-BD5A-C04FDB0BB5B2}.Debug|ARM.ActiveCfg = Debug|ARM
		{A8792925-8347-4B0E-BD5A-C04FDB0BB5B2}.Debug|ARM.Build.0 = Debug|ARM
		{A8792925-8347-4B0E-BD5A-C04FDB0BB5B2}.Debug|Mixed Platforms.ActiveCfg = Debug|ARM
		{A8792925-8347-4B0E-BD5A-C04FDB0BB5B2}.Debug|Mixed Platforms.Build.0 = Debug|ARM
		{A8792925-8347-4B0E-BD5A-C04FDB0BB5B2}.Debug|Win32.ActiveCfg = Debug|x86
		{A8792925-8347-4B0E-BD5A-C04FDB0BB5B2}.Debug|Win32.Build.0 = Debug|x86
		{A8792925-8347-4B0E-BD5A-C04FDB0BB5B2}.Debug|x64.ActiveCfg = Debug|x64
		{A8792925-8347-4B0E-BD5A-C04FDB0BB5B2}.Debug|x64.Build.0 = Debug|x64
		{A8792925-8347-4B0E-BD5A-C04FDB0BB5B2}.Debug|x86.ActiveCfg = Debug|x86
		{A8792925-8347-4B0E-BD5A-C04FDB0BB5B2}.Debug|x86.Build.0 = Debug|x86
		{A8792925-8347-4B0E-BD5A-C04FDB0BB5B2}.Release-ARM|Any CPU.ActiveCfg = Release|Any CPU
		{A8792925-8347-4B0E-BD5A-C04FDB0BB5B2}.Release-ARM|Any CPU.Build.0 = Release|Any CPU
		{A8792925-8347-4B0E-BD5A-C04FDB0BB5B2}.Release-ARM|ARM.ActiveCfg = Release|ARM
		{A8792925-8347-4B0E-BD5A-C04FDB0BB5B2}.Release-ARM|ARM.Build.0 = Release|ARM
		{A8792925-8347-4B0E-BD5A-C04FDB0BB5B2}.Release-ARM|Mixed Platforms.ActiveCfg = Release|ARM
		{A8792925-8347-4B0E-BD5A-C04FDB0BB5B2}.Release-ARM|Mixed Platforms.Build.0 = Release|ARM
		{A8792925-8347-4B0E-BD5A-C04FDB0BB5B2}.Release-ARM|Win32.ActiveCfg = Release|x86
		{A8792925-8347-4B0E-BD5A-C04FDB0BB5B2}.Release-ARM|Win32.Build.0 = Release|x86
		{A8792925-8347-4B0E-BD5A-C04FDB0BB5B2}.Release-ARM|x64.ActiveCfg = Release|x64
		{A8792925-8347-4B0E-BD5A-C04FDB0BB5B2}.Release-ARM|x64.Build.0 = Release|x64
		{A8792925-8347-4B0E-BD5A-C04FDB0BB5B2}.Release-ARM|x86.ActiveCfg = Release|x86
		{A8792925-8347-4B0E-BD5A-C04FDB0BB5B2}.Release-ARM|x86.Build.0 = Release|x86
		{A8792925-8347-4B0E-BD5A-C04FDB0BB5B2}.Release-PC|Any CPU.ActiveCfg = Release-PC|Any CPU
		{A8792925-8347-4B0E-BD5A-C04FDB0BB5B2}.Release-PC|Any CPU.Build.0 = Release-PC|Any CPU
		{A8792925-8347-4B0E-BD5A-C04FDB0BB5B2}.Release-PC|ARM.ActiveCfg = Release-PC|ARM
		{A8792925-8347-4B0E-BD5A-C04FDB0BB5B2}.Release-PC|ARM.Build.0 = Release-PC|ARM
		{A8792925-8347-4B0E-BD5A-C04FDB0BB5B2}.Release-PC|Mixed Platforms.ActiveCfg = Release-PC|x86
		{A8792925-8347-4B0E-BD5A-C04FDB0BB5B2}.Release-PC|Mixed Platforms.Build.0 = Release-PC|x86
		{A8792925-8347-4B0E-BD5A-C04FDB0BB5B2}.Release-PC|Win32.ActiveCfg = Release-PC|x86
		{A8792925-8347-4B0E-BD5A-C04FDB0BB5B2}.Release-PC|Win32.Build.0 = Release-PC|x86
		{A8792925-8347-4B0E-BD5A-C04FDB0BB5B2}.Release-PC|x64.ActiveCfg = Release-PC|x64
		{A8792925-8347-4B0E-BD5A-C04FDB0BB5B2}.Release-PC|x64.Build.0 = Release-PC|x64
		{A8792925-8347-4B0E-BD5A-C04FDB0BB5B2}.Release-PC|x86.ActiveCfg = Release-PC|x86
		{A8792925-8347-4B0E-BD5A-C04FDB0BB5B2}.Release-PC|x86.Build.0 = Release-PC|x86
		{6506B581-99AD-4244-BADD-C87D3A79F11A}.Debug|Any CPU.ActiveCfg = Debug|Any CPU
		{6506B581-99AD-4244-BADD-C87D3A79F11A}.Debug|Any CPU.Build.0 = Debug|Any CPU
		{6506B581-99AD-4244-BADD-C87D3A79F11A}.Debug|ARM.ActiveCfg = Debug|ARM
		{6506B581-99AD-4244-BADD-C87D3A79F11A}.Debug|ARM.Build.0 = Debug|ARM
		{6506B581-99AD-4244-BADD-C87D3A79F11A}.Debug|Mixed Platforms.ActiveCfg = Debug|ARM
		{6506B581-99AD-4244-BADD-C87D3A79F11A}.Debug|Mixed Platforms.Build.0 = Debug|ARM
		{6506B581-99AD-4244-BADD-C87D3A79F11A}.Debug|Win32.ActiveCfg = Debug|x86
		{6506B581-99AD-4244-BADD-C87D3A79F11A}.Debug|Win32.Build.0 = Debug|x86
		{6506B581-99AD-4244-BADD-C87D3A79F11A}.Debug|x64.ActiveCfg = Debug|x64
		{6506B581-99AD-4244-BADD-C87D3A79F11A}.Debug|x64.Build.0 = Debug|x64
		{6506B581-99AD-4244-BADD-C87D3A79F11A}.Debug|x86.ActiveCfg = Debug|x86
		{6506B581-99AD-4244-BADD-C87D3A79F11A}.Debug|x86.Build.0 = Debug|x86
		{6506B581-99AD-4244-BADD-C87D3A79F11A}.Release-ARM|Any CPU.ActiveCfg = Release|Any CPU
		{6506B581-99AD-4244-BADD-C87D3A79F11A}.Release-ARM|Any CPU.Build.0 = Release|Any CPU
		{6506B581-99AD-4244-BADD-C87D3A79F11A}.Release-ARM|ARM.ActiveCfg = Release|ARM
		{6506B581-99AD-4244-BADD-C87D3A79F11A}.Release-ARM|ARM.Build.0 = Release|ARM
		{6506B581-99AD-4244-BADD-C87D3A79F11A}.Release-ARM|Mixed Platforms.ActiveCfg = Release|ARM
		{6506B581-99AD-4244-BADD-C87D3A79F11A}.Release-ARM|Mixed Platforms.Build.0 = Release|ARM
		{6506B581-99AD-4244-BADD-C87D3A79F11A}.Release-ARM|Win32.ActiveCfg = Release|x86
		{6506B581-99AD-4244-BADD-C87D3A79F11A}.Release-ARM|Win32.Build.0 = Release|x86
		{6506B581-99AD-4244-BADD-C87D3A79F11A}.Release-ARM|x64.ActiveCfg = Release|x64
		{6506B581-99AD-4244-BADD-C87D3A79F11A}.Release-ARM|x64.Build.0 = Release|x64
		{6506B581-99AD-4244-BADD-C87D3A79F11A}.Release-ARM|x86.ActiveCfg = Release|x86
		{6506B581-99AD-4244-BADD-C87D3A79F11A}.Release-ARM|x86.Build.0 = Release|x86
		{6506B581-99AD-4244-BADD-C87D3A79F11A}.Release-PC|Any CPU.ActiveCfg = Release-PC|Any CPU
		{6506B581-99AD-4244-BADD-C87D3A79F11A}.Release-PC|Any CPU.Build.0 = Release-PC|Any CPU
		{6506B581-99AD-4244-BADD-C87D3A79F11A}.Release-PC|ARM.ActiveCfg = Release-PC|ARM
		{6506B581-99AD-4244-BADD-C87D3A79F11A}.Release-PC|ARM.Build.0 = Release-PC|ARM
		{6506B581-99AD-4244-BADD-C87D3A79F11A}.Release-PC|Mixed Platforms.ActiveCfg = Release-PC|x86
		{6506B581-99AD-4244-BADD-C87D3A79F11A}.Release-PC|Mixed Platforms.Build.0 = Release-PC|x86
		{6506B581-99AD-4244-BADD-C87D3A79F11A}.Release-PC|Win32.ActiveCfg = Release-PC|x86
		{6506B581-99AD-4244-BADD-C87D3A79F11A}.Release-PC|Win32.Build.0 = Release-PC|x86
		{6506B581-99AD-4244-BADD-C87D3A79F11A}.Release-PC|x64.ActiveCfg = Release-PC|x64
		{6506B581-99AD-4244-BADD-C87D3A79F11A}.Release-PC|x64.Build.0 = Release-PC|x64
		{6506B581-99AD-4244-BADD-C87D3A79F11A}.Release-PC|x86.ActiveCfg = Release-PC|x86
		{6506B581-99AD-4244-BADD-C87D3A79F11A}.Release-PC|x86.Build.0 = Release-PC|x86
		{2AC765A5-D74D-4C9C-9E2B-C400263176CF}.Debug|Any CPU.ActiveCfg = Debug|Win32
		{2AC765A5-D74D-4C9C-9E2B-C400263176CF}.Debug|ARM.ActiveCfg = Debug|ARM
		{2AC765A5-D74D-4C9C-9E2B-C400263176CF}.Debug|ARM.Build.0 = Debug|ARM
		{2AC765A5-D74D-4C9C-9E2B-C400263176CF}.Debug|Mixed Platforms.ActiveCfg = Debug|ARM
		{2AC765A5-D74D-4C9C-9E2B-C400263176CF}.Debug|Mixed Platforms.Build.0 = Debug|ARM
		{2AC765A5-D74D-4C9C-9E2B-C400263176CF}.Debug|Win32.ActiveCfg = Debug|Win32
		{2AC765A5-D74D-4C9C-9E2B-C400263176CF}.Debug|Win32.Build.0 = Debug|Win32
		{2AC765A5-D74D-4C9C-9E2B-C400263176CF}.Debug|x64.ActiveCfg = Debug|x64
		{2AC765A5-D74D-4C9C-9E2B-C400263176CF}.Debug|x64.Build.0 = Debug|x64
		{2AC765A5-D74D-4C9C-9E2B-C400263176CF}.Debug|x86.ActiveCfg = Debug|Win32
		{2AC765A5-D74D-4C9C-9E2B-C400263176CF}.Debug|x86.Build.0 = Debug|Win32
		{2AC765A5-D74D-4C9C-9E2B-C400263176CF}.Release-ARM|Any CPU.ActiveCfg = Release|Win32
		{2AC765A5-D74D-4C9C-9E2B-C400263176CF}.Release-ARM|ARM.ActiveCfg = Release|ARM
		{2AC765A5-D74D-4C9C-9E2B-C400263176CF}.Release-ARM|ARM.Build.0 = Release|ARM
		{2AC765A5-D74D-4C9C-9E2B-C400263176CF}.Release-ARM|Mixed Platforms.ActiveCfg = Release|ARM
		{2AC765A5-D74D-4C9C-9E2B-C400263176CF}.Release-ARM|Mixed Platforms.Build.0 = Release|ARM
		{2AC765A5-D74D-4C9C-9E2B-C400263176CF}.Release-ARM|Win32.ActiveCfg = Release|Win32
		{2AC765A5-D74D-4C9C-9E2B-C400263176CF}.Release-ARM|Win32.Build.0 = Release|Win32
		{2AC765A5-D74D-4C9C-9E2B-C400263176CF}.Release-ARM|x64.ActiveCfg = Release|x64
		{2AC765A5-D74D-4C9C-9E2B-C400263176CF}.Release-ARM|x64.Build.0 = Release|x64
		{2AC765A5-D74D-4C9C-9E2B-C400263176CF}.Release-ARM|x86.ActiveCfg = Release|Win32
		{2AC765A5-D74D-4C9C-9E2B-C400263176CF}.Release-ARM|x86.Build.0 = Release|Win32
		{2AC765A5-D74D-4C9C-9E2B-C400263176CF}.Release-PC|Any CPU.ActiveCfg = Release-PC|Win32
		{2AC765A5-D74D-4C9C-9E2B-C400263176CF}.Release-PC|ARM.ActiveCfg = Release-PC|ARM
		{2AC765A5-D74D-4C9C-9E2B-C400263176CF}.Release-PC|ARM.Build.0 = Release-PC|ARM
		{2AC765A5-D74D-4C9C-9E2B-C400263176CF}.Release-PC|Mixed Platforms.ActiveCfg = Release-PC|Win32
		{2AC765A5-D74D-4C9C-9E2B-C400263176CF}.Release-PC|Mixed Platforms.Build.0 = Release-PC|Win32
		{2AC765A5-D74D-4C9C-9E2B-C400263176CF}.Release-PC|Win32.ActiveCfg = Release-PC|Win32
		{2AC765A5-D74D-4C9C-9E2B-C400263176CF}.Release-PC|Win32.Build.0 = Release-PC|Win32
		{2AC765A5-D74D-4C9C-9E2B-C400263176CF}.Release-PC|x64.ActiveCfg = Release-PC|x64
		{2AC765A5-D74D-4C9C-9E2B-C400263176CF}.Release-PC|x64.Build.0 = Release-PC|x64
		{2AC765A5-D74D-4C9C-9E2B-C400263176CF}.Release-PC|x86.ActiveCfg = Release-PC|Win32
		{2AC765A5-D74D-4C9C-9E2B-C400263176CF}.Release-PC|x86.Build.0 = Release-PC|Win32
	EndGlobalSection
	GlobalSection(SolutionProperties) = preSolution
		HideSolutionNode = FALSE
	EndGlobalSection
EndGlobal
