// !$*UTF8*$!
{
	archiveVersion = 1;
	classes = {
	};
	objectVersion = 46;
	objects = {

/* Begin PBXBuildFile section */
		282830FF18C7012B008B127C /* CoreData.framework in Frameworks */ = {isa = PBXBuildFile; fileRef = 282830FE18C7012B008B127C /* CoreData.framework */; };
		2828313418C70699008B127C /* SmartDeviceApp.xcdatamodeld in Sources */ = {isa = PBXBuildFile; fileRef = 2828313018C70699008B127C /* SmartDeviceApp.xcdatamodeld */; };
		2828313518C70699008B127C /* SmartDeviceApp-Settings.plist in Resources */ = {isa = PBXBuildFile; fileRef = 2828313318C70699008B127C /* SmartDeviceApp-Settings.plist */; };
		2D0AEC03185FDD2100810455 /* Foundation.framework in Frameworks */ = {isa = PBXBuildFile; fileRef = 2D0AEC02185FDD2100810455 /* Foundation.framework */; };
		2D0AEC05185FDD2100810455 /* CoreGraphics.framework in Frameworks */ = {isa = PBXBuildFile; fileRef = 2D0AEC04185FDD2100810455 /* CoreGraphics.framework */; };
		2D0AEC07185FDD2100810455 /* UIKit.framework in Frameworks */ = {isa = PBXBuildFile; fileRef = 2D0AEC06185FDD2100810455 /* UIKit.framework */; };
		2D0AEC4F185FDE8100810455 /* Images.xcassets in Resources */ = {isa = PBXBuildFile; fileRef = 2D0AEC48185FDE8100810455 /* Images.xcassets */; };
		2D0AEC50185FDE8100810455 /* InfoPlist.strings in Resources */ = {isa = PBXBuildFile; fileRef = 2D0AEC4A185FDE8100810455 /* InfoPlist.strings */; };
		2D0AEC52185FDE8100810455 /* Main.storyboard in Resources */ = {isa = PBXBuildFile; fileRef = 2D0AEC4E185FDE8100810455 /* Main.storyboard */; };
		2D0AEC58185FE43200810455 /* Foundation.framework in Frameworks */ = {isa = PBXBuildFile; fileRef = 2D0AEC02185FDD2100810455 /* Foundation.framework */; };
		2D0AEC59185FE43200810455 /* CoreGraphics.framework in Frameworks */ = {isa = PBXBuildFile; fileRef = 2D0AEC04185FDD2100810455 /* CoreGraphics.framework */; };
		2D0AEC5A185FE43200810455 /* UIKit.framework in Frameworks */ = {isa = PBXBuildFile; fileRef = 2D0AEC06185FDD2100810455 /* UIKit.framework */; };
		2D0AEC62185FE43200810455 /* main.m in Sources */ = {isa = PBXBuildFile; fileRef = 2D0AEC61185FE43200810455 /* main.m */; };
		2D0AEC88185FE50000810455 /* GHUnitIOS.framework in Frameworks */ = {isa = PBXBuildFile; fileRef = 2D0AEC83185FE50000810455 /* GHUnitIOS.framework */; };
		2D0AEC89185FE50000810455 /* InfoPlist.strings in Resources */ = {isa = PBXBuildFile; fileRef = 2D0AEC86185FE50000810455 /* InfoPlist.strings */; };
		2D0AEC8B185FE64A00810455 /* QuartzCore.framework in Frameworks */ = {isa = PBXBuildFile; fileRef = 2D0AEC8A185FE64A00810455 /* QuartzCore.framework */; };
		2D5FC7B718DA79EB00459B92 /* Localizable.strings in Resources */ = {isa = PBXBuildFile; fileRef = 2D5FC7B518DA79EB00459B92 /* Localizable.strings */; };
		2D6C90FC18F4FA57002A7F48 /* Foundation.framework in Frameworks */ = {isa = PBXBuildFile; fileRef = 2D0AEC02185FDD2100810455 /* Foundation.framework */; };
		2D6C912618F4FC2C002A7F48 /* libCommon.a in Frameworks */ = {isa = PBXBuildFile; fileRef = 2D6C90FB18F4FA57002A7F48 /* libCommon.a */; };
		2D6C913618F51257002A7F48 /* directprint.c in Sources */ = {isa = PBXBuildFile; fileRef = 2D6C913518F51257002A7F48 /* directprint.c */; };
		2D6C913918F535DA002A7F48 /* TestPage.pdf in Resources */ = {isa = PBXBuildFile; fileRef = 2D6C913818F535DA002A7F48 /* TestPage.pdf */; };
		2D6C913B18F53B0E002A7F48 /* snmp.c in Sources */ = {isa = PBXBuildFile; fileRef = 2D6C913A18F53B0E002A7F48 /* snmp.c */; };
		2D6C913D18F53EA2002A7F48 /* libnetsnmp.a in Frameworks */ = {isa = PBXBuildFile; fileRef = 2D6C913C18F53EA2002A7F48 /* libnetsnmp.a */; };
		2DA1AE3F18E2788900085F27 /* AppDelegate.m in Sources */ = {isa = PBXBuildFile; fileRef = 2DA1ADCD18E2788900085F27 /* AppDelegate.m */; };
		2DA1AE4018E2788900085F27 /* main.m in Sources */ = {isa = PBXBuildFile; fileRef = 2DA1ADCE18E2788900085F27 /* main.m */; };
		2DA1AE4118E2788900085F27 /* ReplaceSegue.m in Sources */ = {isa = PBXBuildFile; fileRef = 2DA1ADD118E2788900085F27 /* ReplaceSegue.m */; };
		2DA1AE4218E2788900085F27 /* SlideOverSegue.m in Sources */ = {isa = PBXBuildFile; fileRef = 2DA1ADD318E2788900085F27 /* SlideOverSegue.m */; };
		2DA1AE4318E2788900085F27 /* SlideSegue.m in Sources */ = {isa = PBXBuildFile; fileRef = 2DA1ADD518E2788900085F27 /* SlideSegue.m */; };
		2DA1AE4418E2788900085F27 /* AddPrinterViewController.m in Sources */ = {isa = PBXBuildFile; fileRef = 2DA1ADD918E2788900085F27 /* AddPrinterViewController.m */; };
		2DA1AE4518E2788900085F27 /* RootViewController.m in Sources */ = {isa = PBXBuildFile; fileRef = 2DA1ADDC18E2788900085F27 /* RootViewController.m */; };
		2DA1AE4618E2788900085F27 /* SlidingViewController.m in Sources */ = {isa = PBXBuildFile; fileRef = 2DA1ADDE18E2788900085F27 /* SlidingViewController.m */; };
		2DA1AE4718E2788900085F27 /* UIViewController+Segue.m in Sources */ = {isa = PBXBuildFile; fileRef = 2DA1ADE018E2788900085F27 /* UIViewController+Segue.m */; };
		2DA1AE4818E2788900085F27 /* HomeViewController.m in Sources */ = {isa = PBXBuildFile; fileRef = 2DA1ADE318E2788900085F27 /* HomeViewController.m */; };
		2DA1AE4918E2788900085F27 /* PrinterInfoViewController.m in Sources */ = {isa = PBXBuildFile; fileRef = 2DA1ADE618E2788900085F27 /* PrinterInfoViewController.m */; };
		2DA1AE4A18E2788900085F27 /* PrintersIpadViewController.m in Sources */ = {isa = PBXBuildFile; fileRef = 2DA1ADE918E2788900085F27 /* PrintersIpadViewController.m */; };
		2DA1AE4B18E2788900085F27 /* PrintersIphoneViewController.m in Sources */ = {isa = PBXBuildFile; fileRef = 2DA1ADEB18E2788900085F27 /* PrintersIphoneViewController.m */; };
		2DA1AE4C18E2788900085F27 /* PrintersViewController.m in Sources */ = {isa = PBXBuildFile; fileRef = 2DA1ADED18E2788900085F27 /* PrintersViewController.m */; };
		2DA1AE4D18E2788900085F27 /* PrinterSearchViewController.m in Sources */ = {isa = PBXBuildFile; fileRef = 2DA1ADF018E2788900085F27 /* PrinterSearchViewController.m */; };
		2DA1AE4E18E2788900085F27 /* PDFPageContentViewController.m in Sources */ = {isa = PBXBuildFile; fileRef = 2DA1ADF318E2788900085F27 /* PDFPageContentViewController.m */; };
		2DA1AE4F18E2788900085F27 /* PrintPreviewViewController.m in Sources */ = {isa = PBXBuildFile; fileRef = 2DA1ADF518E2788900085F27 /* PrintPreviewViewController.m */; };
		2DA1AE5018E2788900085F27 /* PrintSettingsViewController.m in Sources */ = {isa = PBXBuildFile; fileRef = 2DA1ADF818E2788900085F27 /* PrintSettingsViewController.m */; };
		2DA1AE5118E2788900085F27 /* AlertUtils.m in Sources */ = {isa = PBXBuildFile; fileRef = 2DA1AE0118E2788900085F27 /* AlertUtils.m */; };
		2DA1AE5218E2788900085F27 /* InputUtils.m in Sources */ = {isa = PBXBuildFile; fileRef = 2DA1AE0318E2788900085F27 /* InputUtils.m */; };
		2DA1AE5318E2788900085F27 /* PListUtils.m in Sources */ = {isa = PBXBuildFile; fileRef = 2DA1AE0518E2788900085F27 /* PListUtils.m */; };
		2DA1AE5418E2788900085F27 /* PrinterStatusHelper.m in Sources */ = {isa = PBXBuildFile; fileRef = 2DA1AE0718E2788900085F27 /* PrinterStatusHelper.m */; };
		2DA1AE5518E2788900085F27 /* PrintPreviewHelper.m in Sources */ = {isa = PBXBuildFile; fileRef = 2DA1AE0918E2788900085F27 /* PrintPreviewHelper.m */; };
		2DA1AE5618E2788900085F27 /* DatabaseManager.m in Sources */ = {isa = PBXBuildFile; fileRef = 2DA1AE0C18E2788900085F27 /* DatabaseManager.m */; };
		2DA1AE5718E2788900085F27 /* NetworkManager.m in Sources */ = {isa = PBXBuildFile; fileRef = 2DA1AE0E18E2788900085F27 /* NetworkManager.m */; };
		2DA1AE5818E2788900085F27 /* PDFFileManager.m in Sources */ = {isa = PBXBuildFile; fileRef = 2DA1AE1018E2788900085F27 /* PDFFileManager.m */; };
		2DA1AE5918E2788900085F27 /* PrinterManager.m in Sources */ = {isa = PBXBuildFile; fileRef = 2DA1AE1218E2788900085F27 /* PrinterManager.m */; };
		2DA1AE5A18E2788900085F27 /* SNMPManager.m in Sources */ = {isa = PBXBuildFile; fileRef = 2DA1AE1418E2788900085F27 /* SNMPManager.m */; };
		2DA1AE5B18E2788900085F27 /* Printer+Log.m in Sources */ = {isa = PBXBuildFile; fileRef = 2DA1AE1718E2788900085F27 /* Printer+Log.m */; };
		2DA1AE5C18E2788900085F27 /* PrintSetting+Log.m in Sources */ = {isa = PBXBuildFile; fileRef = 2DA1AE1918E2788900085F27 /* PrintSetting+Log.m */; };
		2DA1AE5D18E2788900085F27 /* DefaultPrinter.m in Sources */ = {isa = PBXBuildFile; fileRef = 2DA1AE1C18E2788900085F27 /* DefaultPrinter.m */; };
		2DA1AE5E18E2788900085F27 /* PreviewSetting.m in Sources */ = {isa = PBXBuildFile; fileRef = 2DA1AE1E18E2788900085F27 /* PreviewSetting.m */; };
		2DA1AE5F18E2788900085F27 /* Printer.m in Sources */ = {isa = PBXBuildFile; fileRef = 2DA1AE2018E2788900085F27 /* Printer.m */; };
		2DA1AE6018E2788900085F27 /* PrinterDetails.m in Sources */ = {isa = PBXBuildFile; fileRef = 2DA1AE2218E2788900085F27 /* PrinterDetails.m */; };
		2DA1AE6118E2788900085F27 /* PrintJob.m in Sources */ = {isa = PBXBuildFile; fileRef = 2DA1AE2418E2788900085F27 /* PrintJob.m */; };
		2DA1AE6218E2788900085F27 /* PrintSetting.m in Sources */ = {isa = PBXBuildFile; fileRef = 2DA1AE2618E2788900085F27 /* PrintSetting.m */; };
		2DA1AE6318E2788900085F27 /* PrinterStatusView.m in Sources */ = {isa = PBXBuildFile; fileRef = 2DA1AE2C18E2788900085F27 /* PrinterStatusView.m */; };
		2DA1AE6418E2788900085F27 /* DefaultView.m in Sources */ = {isa = PBXBuildFile; fileRef = 2DA1AE2E18E2788900085F27 /* DefaultView.m */; };
		2DA1AE6518E2788900085F27 /* UIView+Localization.m in Sources */ = {isa = PBXBuildFile; fileRef = 2DA1AE3118E2788900085F27 /* UIView+Localization.m */; };
		2DA1AE6618E2788900085F27 /* MenuButton.m in Sources */ = {isa = PBXBuildFile; fileRef = 2DA1AE3318E2788900085F27 /* MenuButton.m */; };
		2DA1AE6718E2788900085F27 /* MenuScrollView.m in Sources */ = {isa = PBXBuildFile; fileRef = 2DA1AE3518E2788900085F27 /* MenuScrollView.m */; };
		2DA1AE6818E2788900085F27 /* PDFPageView.m in Sources */ = {isa = PBXBuildFile; fileRef = 2DA1AE3718E2788900085F27 /* PDFPageView.m */; };
		2DA1AE6918E2788900085F27 /* PrinterCollectionViewCell.m in Sources */ = {isa = PBXBuildFile; fileRef = 2DA1AE3918E2788900085F27 /* PrinterCollectionViewCell.m */; };
		2DA1AE6A18E2788900085F27 /* PrinterCell.m in Sources */ = {isa = PBXBuildFile; fileRef = 2DA1AE3C18E2788900085F27 /* PrinterCell.m */; };
		2DA1AE6B18E2788900085F27 /* SearchResultCell.m in Sources */ = {isa = PBXBuildFile; fileRef = 2DA1AE3E18E2788900085F27 /* SearchResultCell.m */; };
		2DA1AE7018E278B000085F27 /* Reachability.m in Sources */ = {isa = PBXBuildFile; fileRef = 2DA1AE6F18E278B000085F27 /* Reachability.m */; };
/* End PBXBuildFile section */

/* Begin PBXContainerItemProxy section */
		2D6C912718F4FC35002A7F48 /* PBXContainerItemProxy */ = {
			isa = PBXContainerItemProxy;
			containerPortal = 2D0AEBF7185FDD2100810455 /* Project object */;
			proxyType = 1;
			remoteGlobalIDString = 2D6C90FA18F4FA57002A7F48;
			remoteInfo = Common;
		};
/* End PBXContainerItemProxy section */

/* Begin PBXCopyFilesBuildPhase section */
		2D6C90F918F4FA57002A7F48 /* CopyFiles */ = {
			isa = PBXCopyFilesBuildPhase;
			buildActionMask = 2147483647;
			dstPath = "include/$(PRODUCT_NAME)";
			dstSubfolderSpec = 16;
			files = (
			);
			runOnlyForDeploymentPostprocessing = 0;
		};
/* End PBXCopyFilesBuildPhase section */

/* Begin PBXFileReference section */
		282830FE18C7012B008B127C /* CoreData.framework */ = {isa = PBXFileReference; lastKnownFileType = wrapper.framework; name = CoreData.framework; path = System/Library/Frameworks/CoreData.framework; sourceTree = SDKROOT; };
		2828313118C70699008B127C /* SmartDeviceApp.xcdatamodel */ = {isa = PBXFileReference; lastKnownFileType = wrapper.xcdatamodel; path = SmartDeviceApp.xcdatamodel; sourceTree = "<group>"; };
		2828313318C70699008B127C /* SmartDeviceApp-Settings.plist */ = {isa = PBXFileReference; fileEncoding = 4; lastKnownFileType = text.plist.xml; path = "SmartDeviceApp-Settings.plist"; sourceTree = "<group>"; };
		2D0AEBFF185FDD2100810455 /* SmartDeviceApp.app */ = {isa = PBXFileReference; explicitFileType = wrapper.application; includeInIndex = 0; path = SmartDeviceApp.app; sourceTree = BUILT_PRODUCTS_DIR; };
		2D0AEC02185FDD2100810455 /* Foundation.framework */ = {isa = PBXFileReference; lastKnownFileType = wrapper.framework; name = Foundation.framework; path = System/Library/Frameworks/Foundation.framework; sourceTree = SDKROOT; };
		2D0AEC04185FDD2100810455 /* CoreGraphics.framework */ = {isa = PBXFileReference; lastKnownFileType = wrapper.framework; name = CoreGraphics.framework; path = System/Library/Frameworks/CoreGraphics.framework; sourceTree = SDKROOT; };
		2D0AEC06185FDD2100810455 /* UIKit.framework */ = {isa = PBXFileReference; lastKnownFileType = wrapper.framework; name = UIKit.framework; path = System/Library/Frameworks/UIKit.framework; sourceTree = SDKROOT; };
		2D0AEC0A185FDD2100810455 /* SmartDeviceApp-Info.plist */ = {isa = PBXFileReference; lastKnownFileType = text.plist.xml; path = "SmartDeviceApp-Info.plist"; sourceTree = "<group>"; };
		2D0AEC10185FDD2100810455 /* SmartDeviceApp-Prefix.pch */ = {isa = PBXFileReference; lastKnownFileType = sourcecode.c.h; path = "SmartDeviceApp-Prefix.pch"; sourceTree = "<group>"; };
		2D0AEC24185FDD2100810455 /* XCTest.framework */ = {isa = PBXFileReference; lastKnownFileType = wrapper.framework; name = XCTest.framework; path = Library/Frameworks/XCTest.framework; sourceTree = DEVELOPER_DIR; };
		2D0AEC48185FDE8100810455 /* Images.xcassets */ = {isa = PBXFileReference; lastKnownFileType = folder.assetcatalog; path = Images.xcassets; sourceTree = "<group>"; };
		2D0AEC4B185FDE8100810455 /* en */ = {isa = PBXFileReference; lastKnownFileType = text.plist.strings; name = en; path = en.lproj/InfoPlist.strings; sourceTree = "<group>"; };
		2D0AEC4E185FDE8100810455 /* Main.storyboard */ = {isa = PBXFileReference; fileEncoding = 4; lastKnownFileType = file.storyboard; path = Main.storyboard; sourceTree = "<group>"; };
		2D0AEC57185FE43200810455 /* SmartDeviceAppTests.app */ = {isa = PBXFileReference; explicitFileType = wrapper.application; includeInIndex = 0; path = SmartDeviceAppTests.app; sourceTree = BUILT_PRODUCTS_DIR; };
		2D0AEC5D185FE43200810455 /* SmartDeviceAppTests-Info.plist */ = {isa = PBXFileReference; lastKnownFileType = text.plist.xml; path = "SmartDeviceAppTests-Info.plist"; sourceTree = "<group>"; };
		2D0AEC61185FE43200810455 /* main.m */ = {isa = PBXFileReference; lastKnownFileType = sourcecode.c.objc; path = main.m; sourceTree = "<group>"; };
		2D0AEC63185FE43200810455 /* SmartDeviceAppTests-Prefix.pch */ = {isa = PBXFileReference; lastKnownFileType = sourcecode.c.h; path = "SmartDeviceAppTests-Prefix.pch"; sourceTree = "<group>"; };
		2D0AEC83185FE50000810455 /* GHUnitIOS.framework */ = {isa = PBXFileReference; lastKnownFileType = wrapper.framework; path = GHUnitIOS.framework; sourceTree = "<group>"; };
		2D0AEC87185FE50000810455 /* en */ = {isa = PBXFileReference; lastKnownFileType = text.plist.strings; name = en; path = en.lproj/InfoPlist.strings; sourceTree = "<group>"; };
		2D0AEC8A185FE64A00810455 /* QuartzCore.framework */ = {isa = PBXFileReference; lastKnownFileType = wrapper.framework; name = QuartzCore.framework; path = System/Library/Frameworks/QuartzCore.framework; sourceTree = SDKROOT; };
		2D5FC7B618DA79EB00459B92 /* en */ = {isa = PBXFileReference; lastKnownFileType = text.plist.strings; name = en; path = en.lproj/Localizable.strings; sourceTree = "<group>"; };
		2D5FC7B818DA7A5900459B92 /* ja */ = {isa = PBXFileReference; lastKnownFileType = text.plist.strings; name = ja; path = ja.lproj/Localizable.strings; sourceTree = "<group>"; };
		2D5FC7B918DA7A6300459B92 /* ja */ = {isa = PBXFileReference; lastKnownFileType = text.plist.strings; name = ja; path = ja.lproj/InfoPlist.strings; sourceTree = "<group>"; };
		2D6C90FB18F4FA57002A7F48 /* libCommon.a */ = {isa = PBXFileReference; explicitFileType = archive.ar; includeInIndex = 0; path = libCommon.a; sourceTree = BUILT_PRODUCTS_DIR; };
		2D6C913218F51099002A7F48 /* common.h */ = {isa = PBXFileReference; lastKnownFileType = sourcecode.c.h; path = common.h; sourceTree = "<group>"; };
		2D6C913518F51257002A7F48 /* directprint.c */ = {isa = PBXFileReference; fileEncoding = 4; lastKnownFileType = sourcecode.c.c; path = directprint.c; sourceTree = "<group>"; };
		2D6C913818F535DA002A7F48 /* TestPage.pdf */ = {isa = PBXFileReference; lastKnownFileType = image.pdf; name = TestPage.pdf; path = ../../../CommonLibrary/TestPage.pdf; sourceTree = "<group>"; };
		2D6C913A18F53B0E002A7F48 /* snmp.c */ = {isa = PBXFileReference; fileEncoding = 4; lastKnownFileType = sourcecode.c.c; path = snmp.c; sourceTree = "<group>"; };
		2D6C913C18F53EA2002A7F48 /* libnetsnmp.a */ = {isa = PBXFileReference; lastKnownFileType = archive.ar; name = libnetsnmp.a; path = "../CommonLibrary/3rdParty/net-snmp/lib/ios/libnetsnmp.a"; sourceTree = "<group>"; };
		2DA1ADCC18E2788900085F27 /* AppDelegate.h */ = {isa = PBXFileReference; fileEncoding = 4; lastKnownFileType = sourcecode.c.h; path = AppDelegate.h; sourceTree = "<group>"; };
		2DA1ADCD18E2788900085F27 /* AppDelegate.m */ = {isa = PBXFileReference; fileEncoding = 4; lastKnownFileType = sourcecode.c.objc; path = AppDelegate.m; sourceTree = "<group>"; };
		2DA1ADCE18E2788900085F27 /* main.m */ = {isa = PBXFileReference; fileEncoding = 4; lastKnownFileType = sourcecode.c.objc; path = main.m; sourceTree = "<group>"; };
		2DA1ADD018E2788900085F27 /* ReplaceSegue.h */ = {isa = PBXFileReference; fileEncoding = 4; lastKnownFileType = sourcecode.c.h; path = ReplaceSegue.h; sourceTree = "<group>"; };
		2DA1ADD118E2788900085F27 /* ReplaceSegue.m */ = {isa = PBXFileReference; fileEncoding = 4; lastKnownFileType = sourcecode.c.objc; path = ReplaceSegue.m; sourceTree = "<group>"; };
		2DA1ADD218E2788900085F27 /* SlideOverSegue.h */ = {isa = PBXFileReference; fileEncoding = 4; lastKnownFileType = sourcecode.c.h; path = SlideOverSegue.h; sourceTree = "<group>"; };
		2DA1ADD318E2788900085F27 /* SlideOverSegue.m */ = {isa = PBXFileReference; fileEncoding = 4; lastKnownFileType = sourcecode.c.objc; path = SlideOverSegue.m; sourceTree = "<group>"; };
		2DA1ADD418E2788900085F27 /* SlideSegue.h */ = {isa = PBXFileReference; fileEncoding = 4; lastKnownFileType = sourcecode.c.h; path = SlideSegue.h; sourceTree = "<group>"; };
		2DA1ADD518E2788900085F27 /* SlideSegue.m */ = {isa = PBXFileReference; fileEncoding = 4; lastKnownFileType = sourcecode.c.objc; path = SlideSegue.m; sourceTree = "<group>"; };
		2DA1ADD818E2788900085F27 /* AddPrinterViewController.h */ = {isa = PBXFileReference; fileEncoding = 4; lastKnownFileType = sourcecode.c.h; path = AddPrinterViewController.h; sourceTree = "<group>"; };
		2DA1ADD918E2788900085F27 /* AddPrinterViewController.m */ = {isa = PBXFileReference; fileEncoding = 4; lastKnownFileType = sourcecode.c.objc; path = AddPrinterViewController.m; sourceTree = "<group>"; };
		2DA1ADDB18E2788900085F27 /* RootViewController.h */ = {isa = PBXFileReference; fileEncoding = 4; lastKnownFileType = sourcecode.c.h; path = RootViewController.h; sourceTree = "<group>"; };
		2DA1ADDC18E2788900085F27 /* RootViewController.m */ = {isa = PBXFileReference; fileEncoding = 4; lastKnownFileType = sourcecode.c.objc; path = RootViewController.m; sourceTree = "<group>"; };
		2DA1ADDD18E2788900085F27 /* SlidingViewController.h */ = {isa = PBXFileReference; fileEncoding = 4; lastKnownFileType = sourcecode.c.h; path = SlidingViewController.h; sourceTree = "<group>"; };
		2DA1ADDE18E2788900085F27 /* SlidingViewController.m */ = {isa = PBXFileReference; fileEncoding = 4; lastKnownFileType = sourcecode.c.objc; path = SlidingViewController.m; sourceTree = "<group>"; };
		2DA1ADDF18E2788900085F27 /* UIViewController+Segue.h */ = {isa = PBXFileReference; fileEncoding = 4; lastKnownFileType = sourcecode.c.h; path = "UIViewController+Segue.h"; sourceTree = "<group>"; };
		2DA1ADE018E2788900085F27 /* UIViewController+Segue.m */ = {isa = PBXFileReference; fileEncoding = 4; lastKnownFileType = sourcecode.c.objc; path = "UIViewController+Segue.m"; sourceTree = "<group>"; };
		2DA1ADE218E2788900085F27 /* HomeViewController.h */ = {isa = PBXFileReference; fileEncoding = 4; lastKnownFileType = sourcecode.c.h; path = HomeViewController.h; sourceTree = "<group>"; };
		2DA1ADE318E2788900085F27 /* HomeViewController.m */ = {isa = PBXFileReference; fileEncoding = 4; lastKnownFileType = sourcecode.c.objc; path = HomeViewController.m; sourceTree = "<group>"; };
		2DA1ADE518E2788900085F27 /* PrinterInfoViewController.h */ = {isa = PBXFileReference; fileEncoding = 4; lastKnownFileType = sourcecode.c.h; path = PrinterInfoViewController.h; sourceTree = "<group>"; };
		2DA1ADE618E2788900085F27 /* PrinterInfoViewController.m */ = {isa = PBXFileReference; fileEncoding = 4; lastKnownFileType = sourcecode.c.objc; path = PrinterInfoViewController.m; sourceTree = "<group>"; };
		2DA1ADE818E2788900085F27 /* PrintersIpadViewController.h */ = {isa = PBXFileReference; fileEncoding = 4; lastKnownFileType = sourcecode.c.h; path = PrintersIpadViewController.h; sourceTree = "<group>"; };
		2DA1ADE918E2788900085F27 /* PrintersIpadViewController.m */ = {isa = PBXFileReference; fileEncoding = 4; lastKnownFileType = sourcecode.c.objc; path = PrintersIpadViewController.m; sourceTree = "<group>"; };
		2DA1ADEA18E2788900085F27 /* PrintersIphoneViewController.h */ = {isa = PBXFileReference; fileEncoding = 4; lastKnownFileType = sourcecode.c.h; path = PrintersIphoneViewController.h; sourceTree = "<group>"; };
		2DA1ADEB18E2788900085F27 /* PrintersIphoneViewController.m */ = {isa = PBXFileReference; fileEncoding = 4; lastKnownFileType = sourcecode.c.objc; path = PrintersIphoneViewController.m; sourceTree = "<group>"; };
		2DA1ADEC18E2788900085F27 /* PrintersViewController.h */ = {isa = PBXFileReference; fileEncoding = 4; lastKnownFileType = sourcecode.c.h; path = PrintersViewController.h; sourceTree = "<group>"; };
		2DA1ADED18E2788900085F27 /* PrintersViewController.m */ = {isa = PBXFileReference; fileEncoding = 4; lastKnownFileType = sourcecode.c.objc; path = PrintersViewController.m; sourceTree = "<group>"; };
		2DA1ADEF18E2788900085F27 /* PrinterSearchViewController.h */ = {isa = PBXFileReference; fileEncoding = 4; lastKnownFileType = sourcecode.c.h; path = PrinterSearchViewController.h; sourceTree = "<group>"; };
		2DA1ADF018E2788900085F27 /* PrinterSearchViewController.m */ = {isa = PBXFileReference; fileEncoding = 4; lastKnownFileType = sourcecode.c.objc; path = PrinterSearchViewController.m; sourceTree = "<group>"; };
		2DA1ADF218E2788900085F27 /* PDFPageContentViewController.h */ = {isa = PBXFileReference; fileEncoding = 4; lastKnownFileType = sourcecode.c.h; path = PDFPageContentViewController.h; sourceTree = "<group>"; };
		2DA1ADF318E2788900085F27 /* PDFPageContentViewController.m */ = {isa = PBXFileReference; fileEncoding = 4; lastKnownFileType = sourcecode.c.objc; path = PDFPageContentViewController.m; sourceTree = "<group>"; };
		2DA1ADF418E2788900085F27 /* PrintPreviewViewController.h */ = {isa = PBXFileReference; fileEncoding = 4; lastKnownFileType = sourcecode.c.h; path = PrintPreviewViewController.h; sourceTree = "<group>"; };
		2DA1ADF518E2788900085F27 /* PrintPreviewViewController.m */ = {isa = PBXFileReference; fileEncoding = 4; lastKnownFileType = sourcecode.c.objc; path = PrintPreviewViewController.m; sourceTree = "<group>"; };
		2DA1ADF718E2788900085F27 /* PrintSettingsViewController.h */ = {isa = PBXFileReference; fileEncoding = 4; lastKnownFileType = sourcecode.c.h; path = PrintSettingsViewController.h; sourceTree = "<group>"; };
		2DA1ADF818E2788900085F27 /* PrintSettingsViewController.m */ = {isa = PBXFileReference; fileEncoding = 4; lastKnownFileType = sourcecode.c.objc; path = PrintSettingsViewController.m; sourceTree = "<group>"; };
		2DA1ADFB18E2788900085F27 /* AppDebug.h */ = {isa = PBXFileReference; fileEncoding = 4; lastKnownFileType = sourcecode.c.h; path = AppDebug.h; sourceTree = "<group>"; };
		2DA1ADFC18E2788900085F27 /* AppStrings.h */ = {isa = PBXFileReference; fileEncoding = 4; lastKnownFileType = sourcecode.c.h; path = AppStrings.h; sourceTree = "<group>"; };
		2DA1ADFD18E2788900085F27 /* NotificationNames.h */ = {isa = PBXFileReference; fileEncoding = 4; lastKnownFileType = sourcecode.c.h; path = NotificationNames.h; sourceTree = "<group>"; };
		2DA1ADFE18E2788900085F27 /* PrintSettingNames.h */ = {isa = PBXFileReference; fileEncoding = 4; lastKnownFileType = sourcecode.c.h; path = PrintSettingNames.h; sourceTree = "<group>"; };
		2DA1AE0018E2788900085F27 /* AlertUtils.h */ = {isa = PBXFileReference; fileEncoding = 4; lastKnownFileType = sourcecode.c.h; path = AlertUtils.h; sourceTree = "<group>"; };
		2DA1AE0118E2788900085F27 /* AlertUtils.m */ = {isa = PBXFileReference; fileEncoding = 4; lastKnownFileType = sourcecode.c.objc; path = AlertUtils.m; sourceTree = "<group>"; };
		2DA1AE0218E2788900085F27 /* InputUtils.h */ = {isa = PBXFileReference; fileEncoding = 4; lastKnownFileType = sourcecode.c.h; path = InputUtils.h; sourceTree = "<group>"; };
		2DA1AE0318E2788900085F27 /* InputUtils.m */ = {isa = PBXFileReference; fileEncoding = 4; lastKnownFileType = sourcecode.c.objc; path = InputUtils.m; sourceTree = "<group>"; };
		2DA1AE0418E2788900085F27 /* PListUtils.h */ = {isa = PBXFileReference; fileEncoding = 4; lastKnownFileType = sourcecode.c.h; path = PListUtils.h; sourceTree = "<group>"; };
		2DA1AE0518E2788900085F27 /* PListUtils.m */ = {isa = PBXFileReference; fileEncoding = 4; lastKnownFileType = sourcecode.c.objc; path = PListUtils.m; sourceTree = "<group>"; };
		2DA1AE0618E2788900085F27 /* PrinterStatusHelper.h */ = {isa = PBXFileReference; fileEncoding = 4; lastKnownFileType = sourcecode.c.h; path = PrinterStatusHelper.h; sourceTree = "<group>"; };
		2DA1AE0718E2788900085F27 /* PrinterStatusHelper.m */ = {isa = PBXFileReference; fileEncoding = 4; lastKnownFileType = sourcecode.c.objc; path = PrinterStatusHelper.m; sourceTree = "<group>"; };
		2DA1AE0818E2788900085F27 /* PrintPreviewHelper.h */ = {isa = PBXFileReference; fileEncoding = 4; lastKnownFileType = sourcecode.c.h; path = PrintPreviewHelper.h; sourceTree = "<group>"; };
		2DA1AE0918E2788900085F27 /* PrintPreviewHelper.m */ = {isa = PBXFileReference; fileEncoding = 4; lastKnownFileType = sourcecode.c.objc; path = PrintPreviewHelper.m; sourceTree = "<group>"; };
		2DA1AE0B18E2788900085F27 /* DatabaseManager.h */ = {isa = PBXFileReference; fileEncoding = 4; lastKnownFileType = sourcecode.c.h; path = DatabaseManager.h; sourceTree = "<group>"; };
		2DA1AE0C18E2788900085F27 /* DatabaseManager.m */ = {isa = PBXFileReference; fileEncoding = 4; lastKnownFileType = sourcecode.c.objc; path = DatabaseManager.m; sourceTree = "<group>"; };
		2DA1AE0D18E2788900085F27 /* NetworkManager.h */ = {isa = PBXFileReference; fileEncoding = 4; lastKnownFileType = sourcecode.c.h; path = NetworkManager.h; sourceTree = "<group>"; };
		2DA1AE0E18E2788900085F27 /* NetworkManager.m */ = {isa = PBXFileReference; fileEncoding = 4; lastKnownFileType = sourcecode.c.objc; path = NetworkManager.m; sourceTree = "<group>"; };
		2DA1AE0F18E2788900085F27 /* PDFFileManager.h */ = {isa = PBXFileReference; fileEncoding = 4; lastKnownFileType = sourcecode.c.h; path = PDFFileManager.h; sourceTree = "<group>"; };
		2DA1AE1018E2788900085F27 /* PDFFileManager.m */ = {isa = PBXFileReference; fileEncoding = 4; lastKnownFileType = sourcecode.c.objc; path = PDFFileManager.m; sourceTree = "<group>"; };
		2DA1AE1118E2788900085F27 /* PrinterManager.h */ = {isa = PBXFileReference; fileEncoding = 4; lastKnownFileType = sourcecode.c.h; path = PrinterManager.h; sourceTree = "<group>"; };
		2DA1AE1218E2788900085F27 /* PrinterManager.m */ = {isa = PBXFileReference; fileEncoding = 4; lastKnownFileType = sourcecode.c.objc; path = PrinterManager.m; sourceTree = "<group>"; };
		2DA1AE1318E2788900085F27 /* SNMPManager.h */ = {isa = PBXFileReference; fileEncoding = 4; lastKnownFileType = sourcecode.c.h; path = SNMPManager.h; sourceTree = "<group>"; };
		2DA1AE1418E2788900085F27 /* SNMPManager.m */ = {isa = PBXFileReference; fileEncoding = 4; lastKnownFileType = sourcecode.c.objc; path = SNMPManager.m; sourceTree = "<group>"; };
		2DA1AE1618E2788900085F27 /* Printer+Log.h */ = {isa = PBXFileReference; fileEncoding = 4; lastKnownFileType = sourcecode.c.h; path = "Printer+Log.h"; sourceTree = "<group>"; };
		2DA1AE1718E2788900085F27 /* Printer+Log.m */ = {isa = PBXFileReference; fileEncoding = 4; lastKnownFileType = sourcecode.c.objc; path = "Printer+Log.m"; sourceTree = "<group>"; };
		2DA1AE1818E2788900085F27 /* PrintSetting+Log.h */ = {isa = PBXFileReference; fileEncoding = 4; lastKnownFileType = sourcecode.c.h; path = "PrintSetting+Log.h"; sourceTree = "<group>"; };
		2DA1AE1918E2788900085F27 /* PrintSetting+Log.m */ = {isa = PBXFileReference; fileEncoding = 4; lastKnownFileType = sourcecode.c.objc; path = "PrintSetting+Log.m"; sourceTree = "<group>"; };
		2DA1AE1B18E2788900085F27 /* DefaultPrinter.h */ = {isa = PBXFileReference; fileEncoding = 4; lastKnownFileType = sourcecode.c.h; path = DefaultPrinter.h; sourceTree = "<group>"; };
		2DA1AE1C18E2788900085F27 /* DefaultPrinter.m */ = {isa = PBXFileReference; fileEncoding = 4; lastKnownFileType = sourcecode.c.objc; path = DefaultPrinter.m; sourceTree = "<group>"; };
		2DA1AE1D18E2788900085F27 /* PreviewSetting.h */ = {isa = PBXFileReference; fileEncoding = 4; lastKnownFileType = sourcecode.c.h; path = PreviewSetting.h; sourceTree = "<group>"; };
		2DA1AE1E18E2788900085F27 /* PreviewSetting.m */ = {isa = PBXFileReference; fileEncoding = 4; lastKnownFileType = sourcecode.c.objc; path = PreviewSetting.m; sourceTree = "<group>"; };
		2DA1AE1F18E2788900085F27 /* Printer.h */ = {isa = PBXFileReference; fileEncoding = 4; lastKnownFileType = sourcecode.c.h; path = Printer.h; sourceTree = "<group>"; };
		2DA1AE2018E2788900085F27 /* Printer.m */ = {isa = PBXFileReference; fileEncoding = 4; lastKnownFileType = sourcecode.c.objc; path = Printer.m; sourceTree = "<group>"; };
		2DA1AE2118E2788900085F27 /* PrinterDetails.h */ = {isa = PBXFileReference; fileEncoding = 4; lastKnownFileType = sourcecode.c.h; path = PrinterDetails.h; sourceTree = "<group>"; };
		2DA1AE2218E2788900085F27 /* PrinterDetails.m */ = {isa = PBXFileReference; fileEncoding = 4; lastKnownFileType = sourcecode.c.objc; path = PrinterDetails.m; sourceTree = "<group>"; };
		2DA1AE2318E2788900085F27 /* PrintJob.h */ = {isa = PBXFileReference; fileEncoding = 4; lastKnownFileType = sourcecode.c.h; path = PrintJob.h; sourceTree = "<group>"; };
		2DA1AE2418E2788900085F27 /* PrintJob.m */ = {isa = PBXFileReference; fileEncoding = 4; lastKnownFileType = sourcecode.c.objc; path = PrintJob.m; sourceTree = "<group>"; };
		2DA1AE2518E2788900085F27 /* PrintSetting.h */ = {isa = PBXFileReference; fileEncoding = 4; lastKnownFileType = sourcecode.c.h; path = PrintSetting.h; sourceTree = "<group>"; };
		2DA1AE2618E2788900085F27 /* PrintSetting.m */ = {isa = PBXFileReference; fileEncoding = 4; lastKnownFileType = sourcecode.c.objc; path = PrintSetting.m; sourceTree = "<group>"; };
		2DA1AE2818E2788900085F27 /* PrinterSearchDelegate.h */ = {isa = PBXFileReference; fileEncoding = 4; lastKnownFileType = sourcecode.c.h; path = PrinterSearchDelegate.h; sourceTree = "<group>"; };
		2DA1AE2B18E2788900085F27 /* PrinterStatusView.h */ = {isa = PBXFileReference; fileEncoding = 4; lastKnownFileType = sourcecode.c.h; path = PrinterStatusView.h; sourceTree = "<group>"; };
		2DA1AE2C18E2788900085F27 /* PrinterStatusView.m */ = {isa = PBXFileReference; fileEncoding = 4; lastKnownFileType = sourcecode.c.objc; path = PrinterStatusView.m; sourceTree = "<group>"; };
		2DA1AE2D18E2788900085F27 /* DefaultView.h */ = {isa = PBXFileReference; fileEncoding = 4; lastKnownFileType = sourcecode.c.h; path = DefaultView.h; sourceTree = "<group>"; };
		2DA1AE2E18E2788900085F27 /* DefaultView.m */ = {isa = PBXFileReference; fileEncoding = 4; lastKnownFileType = sourcecode.c.objc; path = DefaultView.m; sourceTree = "<group>"; };
		2DA1AE3018E2788900085F27 /* UIView+Localization.h */ = {isa = PBXFileReference; fileEncoding = 4; lastKnownFileType = sourcecode.c.h; path = "UIView+Localization.h"; sourceTree = "<group>"; };
		2DA1AE3118E2788900085F27 /* UIView+Localization.m */ = {isa = PBXFileReference; fileEncoding = 4; lastKnownFileType = sourcecode.c.objc; path = "UIView+Localization.m"; sourceTree = "<group>"; };
		2DA1AE3218E2788900085F27 /* MenuButton.h */ = {isa = PBXFileReference; fileEncoding = 4; lastKnownFileType = sourcecode.c.h; path = MenuButton.h; sourceTree = "<group>"; };
		2DA1AE3318E2788900085F27 /* MenuButton.m */ = {isa = PBXFileReference; fileEncoding = 4; lastKnownFileType = sourcecode.c.objc; path = MenuButton.m; sourceTree = "<group>"; };
		2DA1AE3418E2788900085F27 /* MenuScrollView.h */ = {isa = PBXFileReference; fileEncoding = 4; lastKnownFileType = sourcecode.c.h; path = MenuScrollView.h; sourceTree = "<group>"; };
		2DA1AE3518E2788900085F27 /* MenuScrollView.m */ = {isa = PBXFileReference; fileEncoding = 4; lastKnownFileType = sourcecode.c.objc; path = MenuScrollView.m; sourceTree = "<group>"; };
		2DA1AE3618E2788900085F27 /* PDFPageView.h */ = {isa = PBXFileReference; fileEncoding = 4; lastKnownFileType = sourcecode.c.h; path = PDFPageView.h; sourceTree = "<group>"; };
		2DA1AE3718E2788900085F27 /* PDFPageView.m */ = {isa = PBXFileReference; fileEncoding = 4; lastKnownFileType = sourcecode.c.objc; path = PDFPageView.m; sourceTree = "<group>"; };
		2DA1AE3818E2788900085F27 /* PrinterCollectionViewCell.h */ = {isa = PBXFileReference; fileEncoding = 4; lastKnownFileType = sourcecode.c.h; path = PrinterCollectionViewCell.h; sourceTree = "<group>"; };
		2DA1AE3918E2788900085F27 /* PrinterCollectionViewCell.m */ = {isa = PBXFileReference; fileEncoding = 4; lastKnownFileType = sourcecode.c.objc; path = PrinterCollectionViewCell.m; sourceTree = "<group>"; };
		2DA1AE3B18E2788900085F27 /* PrinterCell.h */ = {isa = PBXFileReference; fileEncoding = 4; lastKnownFileType = sourcecode.c.h; path = PrinterCell.h; sourceTree = "<group>"; };
		2DA1AE3C18E2788900085F27 /* PrinterCell.m */ = {isa = PBXFileReference; fileEncoding = 4; lastKnownFileType = sourcecode.c.objc; path = PrinterCell.m; sourceTree = "<group>"; };
		2DA1AE3D18E2788900085F27 /* SearchResultCell.h */ = {isa = PBXFileReference; fileEncoding = 4; lastKnownFileType = sourcecode.c.h; path = SearchResultCell.h; sourceTree = "<group>"; };
		2DA1AE3E18E2788900085F27 /* SearchResultCell.m */ = {isa = PBXFileReference; fileEncoding = 4; lastKnownFileType = sourcecode.c.objc; path = SearchResultCell.m; sourceTree = "<group>"; };
		2DA1AE6E18E278B000085F27 /* Reachability.h */ = {isa = PBXFileReference; fileEncoding = 4; lastKnownFileType = sourcecode.c.h; path = Reachability.h; sourceTree = "<group>"; };
		2DA1AE6F18E278B000085F27 /* Reachability.m */ = {isa = PBXFileReference; fileEncoding = 4; lastKnownFileType = sourcecode.c.objc; path = Reachability.m; sourceTree = "<group>"; };
/* End PBXFileReference section */

/* Begin PBXFrameworksBuildPhase section */
		2D0AEBFC185FDD2100810455 /* Frameworks */ = {
			isa = PBXFrameworksBuildPhase;
			buildActionMask = 2147483647;
			files = (
				2D6C913D18F53EA2002A7F48 /* libnetsnmp.a in Frameworks */,
				2D6C912618F4FC2C002A7F48 /* libCommon.a in Frameworks */,
				282830FF18C7012B008B127C /* CoreData.framework in Frameworks */,
				2D0AEC05185FDD2100810455 /* CoreGraphics.framework in Frameworks */,
				2D0AEC07185FDD2100810455 /* UIKit.framework in Frameworks */,
				2D0AEC03185FDD2100810455 /* Foundation.framework in Frameworks */,
			);
			runOnlyForDeploymentPostprocessing = 0;
		};
		2D0AEC54185FE43200810455 /* Frameworks */ = {
			isa = PBXFrameworksBuildPhase;
			buildActionMask = 2147483647;
			files = (
				2D0AEC8B185FE64A00810455 /* QuartzCore.framework in Frameworks */,
				2D0AEC59185FE43200810455 /* CoreGraphics.framework in Frameworks */,
				2D0AEC88185FE50000810455 /* GHUnitIOS.framework in Frameworks */,
				2D0AEC5A185FE43200810455 /* UIKit.framework in Frameworks */,
				2D0AEC58185FE43200810455 /* Foundation.framework in Frameworks */,
			);
			runOnlyForDeploymentPostprocessing = 0;
		};
		2D6C90F818F4FA57002A7F48 /* Frameworks */ = {
			isa = PBXFrameworksBuildPhase;
			buildActionMask = 2147483647;
			files = (
				2D6C90FC18F4FA57002A7F48 /* Foundation.framework in Frameworks */,
			);
			runOnlyForDeploymentPostprocessing = 0;
		};
/* End PBXFrameworksBuildPhase section */

/* Begin PBXGroup section */
		2828312F18C70699008B127C /* Database */ = {
			isa = PBXGroup;
			children = (
				2828313018C70699008B127C /* SmartDeviceApp.xcdatamodeld */,
			);
			path = Database;
			sourceTree = "<group>";
		};
		2828313218C70699008B127C /* PropertyList */ = {
			isa = PBXGroup;
			children = (
				2828313318C70699008B127C /* SmartDeviceApp-Settings.plist */,
			);
			path = PropertyList;
			sourceTree = "<group>";
		};
		2D0AEBF6185FDD2100810455 = {
			isa = PBXGroup;
			children = (
				2D0AEC08185FDD2100810455 /* SmartDeviceApp */,
				2D0AEC5B185FE43200810455 /* SmartDeviceAppTests */,
				2D6C911D18F4FB55002A7F48 /* CommonLibrary */,
				2D0AEC01185FDD2100810455 /* Frameworks */,
				2D0AEC46185FDE8100810455 /* Resources */,
				2D0AEC00185FDD2100810455 /* Products */,
			);
			sourceTree = "<group>";
		};
		2D0AEC00185FDD2100810455 /* Products */ = {
			isa = PBXGroup;
			children = (
				2D0AEBFF185FDD2100810455 /* SmartDeviceApp.app */,
				2D0AEC57185FE43200810455 /* SmartDeviceAppTests.app */,
				2D6C90FB18F4FA57002A7F48 /* libCommon.a */,
			);
			name = Products;
			sourceTree = "<group>";
		};
		2D0AEC01185FDD2100810455 /* Frameworks */ = {
			isa = PBXGroup;
			children = (
				2D6C913C18F53EA2002A7F48 /* libnetsnmp.a */,
				282830FE18C7012B008B127C /* CoreData.framework */,
				2D0AEC8A185FE64A00810455 /* QuartzCore.framework */,
				2D0AEC02185FDD2100810455 /* Foundation.framework */,
				2D0AEC04185FDD2100810455 /* CoreGraphics.framework */,
				2D0AEC06185FDD2100810455 /* UIKit.framework */,
				2D0AEC24185FDD2100810455 /* XCTest.framework */,
			);
			name = Frameworks;
			sourceTree = "<group>";
		};
		2D0AEC08185FDD2100810455 /* SmartDeviceApp */ = {
			isa = PBXGroup;
			children = (
				2DA1ADC918E2788900085F27 /* Classes */,
				2DA1AE6C18E278B000085F27 /* OpenSource */,
				2D0AEC09185FDD2100810455 /* Supporting Files */,
			);
			path = SmartDeviceApp;
			sourceTree = "<group>";
		};
		2D0AEC09185FDD2100810455 /* Supporting Files */ = {
			isa = PBXGroup;
			children = (
				2D0AEC0A185FDD2100810455 /* SmartDeviceApp-Info.plist */,
				2D0AEC10185FDD2100810455 /* SmartDeviceApp-Prefix.pch */,
			);
			name = "Supporting Files";
			sourceTree = "<group>";
		};
		2D0AEC46185FDE8100810455 /* Resources */ = {
			isa = PBXGroup;
			children = (
				2D6C913718F535BD002A7F48 /* Test */,
				2828312F18C70699008B127C /* Database */,
				2D0AEC47185FDE8100810455 /* Images */,
				2D0AEC49185FDE8100810455 /* Locales */,
				2D0AEC4C185FDE8100810455 /* Storyboards */,
				2828313218C70699008B127C /* PropertyList */,
			);
			name = Resources;
			path = SmartDeviceApp/Resources;
			sourceTree = "<group>";
		};
		2D0AEC47185FDE8100810455 /* Images */ = {
			isa = PBXGroup;
			children = (
				2D0AEC48185FDE8100810455 /* Images.xcassets */,
			);
			path = Images;
			sourceTree = "<group>";
		};
		2D0AEC49185FDE8100810455 /* Locales */ = {
			isa = PBXGroup;
			children = (
				2D5FC7B518DA79EB00459B92 /* Localizable.strings */,
				2D0AEC4A185FDE8100810455 /* InfoPlist.strings */,
			);
			path = Locales;
			sourceTree = "<group>";
		};
		2D0AEC4C185FDE8100810455 /* Storyboards */ = {
			isa = PBXGroup;
			children = (
				2D0AEC4E185FDE8100810455 /* Main.storyboard */,
			);
			path = Storyboards;
			sourceTree = "<group>";
		};
		2D0AEC5B185FE43200810455 /* SmartDeviceAppTests */ = {
			isa = PBXGroup;
			children = (
				2D0AEC81185FE50000810455 /* Classes */,
				2D0AEC82185FE50000810455 /* GHUnit */,
				2D0AEC84185FE50000810455 /* Resources */,
				2D0AEC5C185FE43200810455 /* Supporting Files */,
			);
			path = SmartDeviceAppTests;
			sourceTree = "<group>";
		};
		2D0AEC5C185FE43200810455 /* Supporting Files */ = {
			isa = PBXGroup;
			children = (
				2D0AEC5D185FE43200810455 /* SmartDeviceAppTests-Info.plist */,
				2D0AEC61185FE43200810455 /* main.m */,
				2D0AEC63185FE43200810455 /* SmartDeviceAppTests-Prefix.pch */,
			);
			name = "Supporting Files";
			sourceTree = "<group>";
		};
		2D0AEC81185FE50000810455 /* Classes */ = {
			isa = PBXGroup;
			children = (
			);
			path = Classes;
			sourceTree = "<group>";
		};
		2D0AEC82185FE50000810455 /* GHUnit */ = {
			isa = PBXGroup;
			children = (
				2D0AEC83185FE50000810455 /* GHUnitIOS.framework */,
			);
			path = GHUnit;
			sourceTree = "<group>";
		};
		2D0AEC84185FE50000810455 /* Resources */ = {
			isa = PBXGroup;
			children = (
				2D0AEC85185FE50000810455 /* Locales */,
			);
			path = Resources;
			sourceTree = "<group>";
		};
		2D0AEC85185FE50000810455 /* Locales */ = {
			isa = PBXGroup;
			children = (
				2D0AEC86185FE50000810455 /* InfoPlist.strings */,
			);
			path = Locales;
			sourceTree = "<group>";
		};
		2D6C911D18F4FB55002A7F48 /* CommonLibrary */ = {
			isa = PBXGroup;
			children = (
				2D6C913118F5108C002A7F48 /* include */,
				2D6C912018F4FB55002A7F48 /* src */,
			);
			name = CommonLibrary;
			path = ../CommonLibrary;
			sourceTree = "<group>";
		};
		2D6C912018F4FB55002A7F48 /* src */ = {
			isa = PBXGroup;
			children = (
				2D6C913518F51257002A7F48 /* directprint.c */,
				2D6C913A18F53B0E002A7F48 /* snmp.c */,
			);
			path = src;
			sourceTree = "<group>";
		};
		2D6C913118F5108C002A7F48 /* include */ = {
			isa = PBXGroup;
			children = (
				2D6C913218F51099002A7F48 /* common.h */,
			);
			path = include;
			sourceTree = "<group>";
		};
		2D6C913718F535BD002A7F48 /* Test */ = {
			isa = PBXGroup;
			children = (
				2D6C913818F535DA002A7F48 /* TestPage.pdf */,
			);
			name = Test;
			sourceTree = "<group>";
		};
		2DA1ADC918E2788900085F27 /* Classes */ = {
			isa = PBXGroup;
			children = (
				2DA1ADCA18E2788900085F27 /* Controllers */,
				2DA1ADF918E2788900085F27 /* Helpers */,
				2DA1AE0A18E2788900085F27 /* Managers */,
				2DA1AE1518E2788900085F27 /* ModelExtensions */,
				2DA1AE1A18E2788900085F27 /* Models */,
				2DA1AE2718E2788900085F27 /* Protocols */,
				2DA1AE2918E2788900085F27 /* Views */,
			);
			path = Classes;
			sourceTree = "<group>";
		};
		2DA1ADCA18E2788900085F27 /* Controllers */ = {
			isa = PBXGroup;
			children = (
				2DA1ADCB18E2788900085F27 /* AppLauncher */,
				2DA1ADCF18E2788900085F27 /* Segues */,
				2DA1ADD618E2788900085F27 /* ViewControllers */,
			);
			path = Controllers;
			sourceTree = "<group>";
		};
		2DA1ADCB18E2788900085F27 /* AppLauncher */ = {
			isa = PBXGroup;
			children = (
				2DA1ADCC18E2788900085F27 /* AppDelegate.h */,
				2DA1ADCD18E2788900085F27 /* AppDelegate.m */,
				2DA1ADCE18E2788900085F27 /* main.m */,
			);
			path = AppLauncher;
			sourceTree = "<group>";
		};
		2DA1ADCF18E2788900085F27 /* Segues */ = {
			isa = PBXGroup;
			children = (
				2DA1ADD018E2788900085F27 /* ReplaceSegue.h */,
				2DA1ADD118E2788900085F27 /* ReplaceSegue.m */,
				2DA1ADD218E2788900085F27 /* SlideOverSegue.h */,
				2DA1ADD318E2788900085F27 /* SlideOverSegue.m */,
				2DA1ADD418E2788900085F27 /* SlideSegue.h */,
				2DA1ADD518E2788900085F27 /* SlideSegue.m */,
			);
			path = Segues;
			sourceTree = "<group>";
		};
		2DA1ADD618E2788900085F27 /* ViewControllers */ = {
			isa = PBXGroup;
			children = (
				2DA1ADD718E2788900085F27 /* AddPrinter */,
				2DA1ADDA18E2788900085F27 /* General */,
				2DA1ADE118E2788900085F27 /* Home */,
				2DA1ADE418E2788900085F27 /* PrinterInfo */,
				2DA1ADE718E2788900085F27 /* Printers */,
				2DA1ADEE18E2788900085F27 /* PrinterSearch */,
				2DA1ADF118E2788900085F27 /* PrintPreview */,
				2DA1ADF618E2788900085F27 /* PrintSettings */,
			);
			path = ViewControllers;
			sourceTree = "<group>";
		};
		2DA1ADD718E2788900085F27 /* AddPrinter */ = {
			isa = PBXGroup;
			children = (
				2DA1ADD818E2788900085F27 /* AddPrinterViewController.h */,
				2DA1ADD918E2788900085F27 /* AddPrinterViewController.m */,
			);
			path = AddPrinter;
			sourceTree = "<group>";
		};
		2DA1ADDA18E2788900085F27 /* General */ = {
			isa = PBXGroup;
			children = (
				2DA1ADDB18E2788900085F27 /* RootViewController.h */,
				2DA1ADDC18E2788900085F27 /* RootViewController.m */,
				2DA1ADDD18E2788900085F27 /* SlidingViewController.h */,
				2DA1ADDE18E2788900085F27 /* SlidingViewController.m */,
				2DA1ADDF18E2788900085F27 /* UIViewController+Segue.h */,
				2DA1ADE018E2788900085F27 /* UIViewController+Segue.m */,
			);
			path = General;
			sourceTree = "<group>";
		};
		2DA1ADE118E2788900085F27 /* Home */ = {
			isa = PBXGroup;
			children = (
				2DA1ADE218E2788900085F27 /* HomeViewController.h */,
				2DA1ADE318E2788900085F27 /* HomeViewController.m */,
			);
			path = Home;
			sourceTree = "<group>";
		};
		2DA1ADE418E2788900085F27 /* PrinterInfo */ = {
			isa = PBXGroup;
			children = (
				2DA1ADE518E2788900085F27 /* PrinterInfoViewController.h */,
				2DA1ADE618E2788900085F27 /* PrinterInfoViewController.m */,
			);
			path = PrinterInfo;
			sourceTree = "<group>";
		};
		2DA1ADE718E2788900085F27 /* Printers */ = {
			isa = PBXGroup;
			children = (
				2DA1ADE818E2788900085F27 /* PrintersIpadViewController.h */,
				2DA1ADE918E2788900085F27 /* PrintersIpadViewController.m */,
				2DA1ADEA18E2788900085F27 /* PrintersIphoneViewController.h */,
				2DA1ADEB18E2788900085F27 /* PrintersIphoneViewController.m */,
				2DA1ADEC18E2788900085F27 /* PrintersViewController.h */,
				2DA1ADED18E2788900085F27 /* PrintersViewController.m */,
			);
			path = Printers;
			sourceTree = "<group>";
		};
		2DA1ADEE18E2788900085F27 /* PrinterSearch */ = {
			isa = PBXGroup;
			children = (
				2DA1ADEF18E2788900085F27 /* PrinterSearchViewController.h */,
				2DA1ADF018E2788900085F27 /* PrinterSearchViewController.m */,
			);
			path = PrinterSearch;
			sourceTree = "<group>";
		};
		2DA1ADF118E2788900085F27 /* PrintPreview */ = {
			isa = PBXGroup;
			children = (
				2DA1ADF218E2788900085F27 /* PDFPageContentViewController.h */,
				2DA1ADF318E2788900085F27 /* PDFPageContentViewController.m */,
				2DA1ADF418E2788900085F27 /* PrintPreviewViewController.h */,
				2DA1ADF518E2788900085F27 /* PrintPreviewViewController.m */,
			);
			path = PrintPreview;
			sourceTree = "<group>";
		};
		2DA1ADF618E2788900085F27 /* PrintSettings */ = {
			isa = PBXGroup;
			children = (
				2DA1ADF718E2788900085F27 /* PrintSettingsViewController.h */,
				2DA1ADF818E2788900085F27 /* PrintSettingsViewController.m */,
			);
			path = PrintSettings;
			sourceTree = "<group>";
		};
		2DA1ADF918E2788900085F27 /* Helpers */ = {
			isa = PBXGroup;
			children = (
				2DA1ADFA18E2788900085F27 /* Constants */,
				2DA1ADFF18E2788900085F27 /* Utilities */,
			);
			path = Helpers;
			sourceTree = "<group>";
		};
		2DA1ADFA18E2788900085F27 /* Constants */ = {
			isa = PBXGroup;
			children = (
				2DA1ADFB18E2788900085F27 /* AppDebug.h */,
				2DA1ADFC18E2788900085F27 /* AppStrings.h */,
				2DA1ADFD18E2788900085F27 /* NotificationNames.h */,
				2DA1ADFE18E2788900085F27 /* PrintSettingNames.h */,
			);
			path = Constants;
			sourceTree = "<group>";
		};
		2DA1ADFF18E2788900085F27 /* Utilities */ = {
			isa = PBXGroup;
			children = (
				2DA1AE0018E2788900085F27 /* AlertUtils.h */,
				2DA1AE0118E2788900085F27 /* AlertUtils.m */,
				2DA1AE0218E2788900085F27 /* InputUtils.h */,
				2DA1AE0318E2788900085F27 /* InputUtils.m */,
				2DA1AE0418E2788900085F27 /* PListUtils.h */,
				2DA1AE0518E2788900085F27 /* PListUtils.m */,
				2DA1AE0618E2788900085F27 /* PrinterStatusHelper.h */,
				2DA1AE0718E2788900085F27 /* PrinterStatusHelper.m */,
				2DA1AE0818E2788900085F27 /* PrintPreviewHelper.h */,
				2DA1AE0918E2788900085F27 /* PrintPreviewHelper.m */,
			);
			path = Utilities;
			sourceTree = "<group>";
		};
		2DA1AE0A18E2788900085F27 /* Managers */ = {
			isa = PBXGroup;
			children = (
				2DA1AE0B18E2788900085F27 /* DatabaseManager.h */,
				2DA1AE0C18E2788900085F27 /* DatabaseManager.m */,
				2DA1AE0D18E2788900085F27 /* NetworkManager.h */,
				2DA1AE0E18E2788900085F27 /* NetworkManager.m */,
				2DA1AE0F18E2788900085F27 /* PDFFileManager.h */,
				2DA1AE1018E2788900085F27 /* PDFFileManager.m */,
				2DA1AE1118E2788900085F27 /* PrinterManager.h */,
				2DA1AE1218E2788900085F27 /* PrinterManager.m */,
				2DA1AE1318E2788900085F27 /* SNMPManager.h */,
				2DA1AE1418E2788900085F27 /* SNMPManager.m */,
			);
			path = Managers;
			sourceTree = "<group>";
		};
		2DA1AE1518E2788900085F27 /* ModelExtensions */ = {
			isa = PBXGroup;
			children = (
				2DA1AE1618E2788900085F27 /* Printer+Log.h */,
				2DA1AE1718E2788900085F27 /* Printer+Log.m */,
				2DA1AE1818E2788900085F27 /* PrintSetting+Log.h */,
				2DA1AE1918E2788900085F27 /* PrintSetting+Log.m */,
			);
			path = ModelExtensions;
			sourceTree = "<group>";
		};
		2DA1AE1A18E2788900085F27 /* Models */ = {
			isa = PBXGroup;
			children = (
				2DA1AE1B18E2788900085F27 /* DefaultPrinter.h */,
				2DA1AE1C18E2788900085F27 /* DefaultPrinter.m */,
				2DA1AE1D18E2788900085F27 /* PreviewSetting.h */,
				2DA1AE1E18E2788900085F27 /* PreviewSetting.m */,
				2DA1AE1F18E2788900085F27 /* Printer.h */,
				2DA1AE2018E2788900085F27 /* Printer.m */,
				2DA1AE2118E2788900085F27 /* PrinterDetails.h */,
				2DA1AE2218E2788900085F27 /* PrinterDetails.m */,
				2DA1AE2318E2788900085F27 /* PrintJob.h */,
				2DA1AE2418E2788900085F27 /* PrintJob.m */,
				2DA1AE2518E2788900085F27 /* PrintSetting.h */,
				2DA1AE2618E2788900085F27 /* PrintSetting.m */,
			);
			path = Models;
			sourceTree = "<group>";
		};
		2DA1AE2718E2788900085F27 /* Protocols */ = {
			isa = PBXGroup;
			children = (
				2DA1AE2818E2788900085F27 /* PrinterSearchDelegate.h */,
			);
			path = Protocols;
			sourceTree = "<group>";
		};
		2DA1AE2918E2788900085F27 /* Views */ = {
			isa = PBXGroup;
			children = (
				2DA1AE2A18E2788900085F27 /* CustomViews */,
				2DA1AE2D18E2788900085F27 /* DefaultView.h */,
				2DA1AE2E18E2788900085F27 /* DefaultView.m */,
				2DA1AE2F18E2788900085F27 /* Extensions */,
				2DA1AE3218E2788900085F27 /* MenuButton.h */,
				2DA1AE3318E2788900085F27 /* MenuButton.m */,
				2DA1AE3418E2788900085F27 /* MenuScrollView.h */,
				2DA1AE3518E2788900085F27 /* MenuScrollView.m */,
				2DA1AE3618E2788900085F27 /* PDFPageView.h */,
				2DA1AE3718E2788900085F27 /* PDFPageView.m */,
				2DA1AE3818E2788900085F27 /* PrinterCollectionViewCell.h */,
				2DA1AE3918E2788900085F27 /* PrinterCollectionViewCell.m */,
				2DA1AE3A18E2788900085F27 /* TableViewCells */,
			);
			path = Views;
			sourceTree = "<group>";
		};
		2DA1AE2A18E2788900085F27 /* CustomViews */ = {
			isa = PBXGroup;
			children = (
				2DA1AE2B18E2788900085F27 /* PrinterStatusView.h */,
				2DA1AE2C18E2788900085F27 /* PrinterStatusView.m */,
			);
			path = CustomViews;
			sourceTree = "<group>";
		};
		2DA1AE2F18E2788900085F27 /* Extensions */ = {
			isa = PBXGroup;
			children = (
				2DA1AE3018E2788900085F27 /* UIView+Localization.h */,
				2DA1AE3118E2788900085F27 /* UIView+Localization.m */,
			);
			path = Extensions;
			sourceTree = "<group>";
		};
		2DA1AE3A18E2788900085F27 /* TableViewCells */ = {
			isa = PBXGroup;
			children = (
				2DA1AE3B18E2788900085F27 /* PrinterCell.h */,
				2DA1AE3C18E2788900085F27 /* PrinterCell.m */,
				2DA1AE3D18E2788900085F27 /* SearchResultCell.h */,
				2DA1AE3E18E2788900085F27 /* SearchResultCell.m */,
			);
			path = TableViewCells;
			sourceTree = "<group>";
		};
		2DA1AE6C18E278B000085F27 /* OpenSource */ = {
			isa = PBXGroup;
			children = (
				2DA1AE6D18E278B000085F27 /* Reachability */,
			);
			path = OpenSource;
			sourceTree = "<group>";
		};
		2DA1AE6D18E278B000085F27 /* Reachability */ = {
			isa = PBXGroup;
			children = (
				2DA1AE6E18E278B000085F27 /* Reachability.h */,
				2DA1AE6F18E278B000085F27 /* Reachability.m */,
			);
			path = Reachability;
			sourceTree = "<group>";
		};
/* End PBXGroup section */

/* Begin PBXNativeTarget section */
		2D0AEBFE185FDD2100810455 /* SmartDeviceApp */ = {
			isa = PBXNativeTarget;
			buildConfigurationList = 2D0AEC34185FDD2100810455 /* Build configuration list for PBXNativeTarget "SmartDeviceApp" */;
			buildPhases = (
				2D0AEBFB185FDD2100810455 /* Sources */,
				2D0AEBFC185FDD2100810455 /* Frameworks */,
				2D0AEBFD185FDD2100810455 /* Resources */,
			);
			buildRules = (
			);
			dependencies = (
				2D6C912818F4FC35002A7F48 /* PBXTargetDependency */,
			);
			name = SmartDeviceApp;
			productName = SmartDeviceApp;
			productReference = 2D0AEBFF185FDD2100810455 /* SmartDeviceApp.app */;
			productType = "com.apple.product-type.application";
		};
		2D0AEC56185FE43200810455 /* SmartDeviceAppTests */ = {
			isa = PBXNativeTarget;
			buildConfigurationList = 2D0AEC7F185FE43200810455 /* Build configuration list for PBXNativeTarget "SmartDeviceAppTests" */;
			buildPhases = (
				2D0AEC53185FE43200810455 /* Sources */,
				2D0AEC54185FE43200810455 /* Frameworks */,
				2D0AEC55185FE43200810455 /* Resources */,
			);
			buildRules = (
			);
			dependencies = (
			);
			name = SmartDeviceAppTests;
			productName = SmartDeviceAppTests;
			productReference = 2D0AEC57185FE43200810455 /* SmartDeviceAppTests.app */;
			productType = "com.apple.product-type.application";
		};
		2D6C90FA18F4FA57002A7F48 /* Common */ = {
			isa = PBXNativeTarget;
			buildConfigurationList = 2D6C911718F4FA57002A7F48 /* Build configuration list for PBXNativeTarget "Common" */;
			buildPhases = (
				2D6C90F718F4FA57002A7F48 /* Sources */,
				2D6C90F818F4FA57002A7F48 /* Frameworks */,
				2D6C90F918F4FA57002A7F48 /* CopyFiles */,
			);
			buildRules = (
			);
			dependencies = (
			);
			name = Common;
			productName = CommonLibrary;
			productReference = 2D6C90FB18F4FA57002A7F48 /* libCommon.a */;
			productType = "com.apple.product-type.library.static";
		};
/* End PBXNativeTarget section */

/* Begin PBXProject section */
		2D0AEBF7185FDD2100810455 /* Project object */ = {
			isa = PBXProject;
			attributes = {
				LastUpgradeCheck = 0500;
				ORGANIZATIONNAME = aLink;
			};
			buildConfigurationList = 2D0AEBFA185FDD2100810455 /* Build configuration list for PBXProject "SmartDeviceApp" */;
			compatibilityVersion = "Xcode 3.2";
			developmentRegion = English;
			hasScannedForEncodings = 0;
			knownRegions = (
				en,
				Base,
				ja,
			);
			mainGroup = 2D0AEBF6185FDD2100810455;
			productRefGroup = 2D0AEC00185FDD2100810455 /* Products */;
			projectDirPath = "";
			projectRoot = "";
			targets = (
				2D0AEBFE185FDD2100810455 /* SmartDeviceApp */,
				2D0AEC56185FE43200810455 /* SmartDeviceAppTests */,
				2D6C90FA18F4FA57002A7F48 /* Common */,
			);
		};
/* End PBXProject section */

/* Begin PBXResourcesBuildPhase section */
		2D0AEBFD185FDD2100810455 /* Resources */ = {
			isa = PBXResourcesBuildPhase;
			buildActionMask = 2147483647;
			files = (
				2D0AEC52185FDE8100810455 /* Main.storyboard in Resources */,
				2D5FC7B718DA79EB00459B92 /* Localizable.strings in Resources */,
				2D0AEC50185FDE8100810455 /* InfoPlist.strings in Resources */,
				2D6C913918F535DA002A7F48 /* TestPage.pdf in Resources */,
				2828313518C70699008B127C /* SmartDeviceApp-Settings.plist in Resources */,
				2D0AEC4F185FDE8100810455 /* Images.xcassets in Resources */,
			);
			runOnlyForDeploymentPostprocessing = 0;
		};
		2D0AEC55185FE43200810455 /* Resources */ = {
			isa = PBXResourcesBuildPhase;
			buildActionMask = 2147483647;
			files = (
				2D0AEC89185FE50000810455 /* InfoPlist.strings in Resources */,
			);
			runOnlyForDeploymentPostprocessing = 0;
		};
/* End PBXResourcesBuildPhase section */

/* Begin PBXSourcesBuildPhase section */
		2D0AEBFB185FDD2100810455 /* Sources */ = {
			isa = PBXSourcesBuildPhase;
			buildActionMask = 2147483647;
			files = (
				2DA1AE3F18E2788900085F27 /* AppDelegate.m in Sources */,
				2DA1AE5E18E2788900085F27 /* PreviewSetting.m in Sources */,
				2DA1AE4D18E2788900085F27 /* PrinterSearchViewController.m in Sources */,
				2DA1AE5918E2788900085F27 /* PrinterManager.m in Sources */,
				2DA1AE6018E2788900085F27 /* PrinterDetails.m in Sources */,
				2DA1AE5718E2788900085F27 /* NetworkManager.m in Sources */,
				2DA1AE4918E2788900085F27 /* PrinterInfoViewController.m in Sources */,
				2DA1AE4C18E2788900085F27 /* PrintersViewController.m in Sources */,
				2DA1AE4E18E2788900085F27 /* PDFPageContentViewController.m in Sources */,
				2DA1AE7018E278B000085F27 /* Reachability.m in Sources */,
				2DA1AE4018E2788900085F27 /* main.m in Sources */,
				2DA1AE5518E2788900085F27 /* PrintPreviewHelper.m in Sources */,
				2DA1AE5318E2788900085F27 /* PListUtils.m in Sources */,
				2DA1AE5618E2788900085F27 /* DatabaseManager.m in Sources */,
				2DA1AE6418E2788900085F27 /* DefaultView.m in Sources */,
				2DA1AE6118E2788900085F27 /* PrintJob.m in Sources */,
				2DA1AE4518E2788900085F27 /* RootViewController.m in Sources */,
				2DA1AE4B18E2788900085F27 /* PrintersIphoneViewController.m in Sources */,
				2DA1AE5818E2788900085F27 /* PDFFileManager.m in Sources */,
				2DA1AE4218E2788900085F27 /* SlideOverSegue.m in Sources */,
				2DA1AE4A18E2788900085F27 /* PrintersIpadViewController.m in Sources */,
				2DA1AE4118E2788900085F27 /* ReplaceSegue.m in Sources */,
				2DA1AE5C18E2788900085F27 /* PrintSetting+Log.m in Sources */,
				2DA1AE4418E2788900085F27 /* AddPrinterViewController.m in Sources */,
				2DA1AE5118E2788900085F27 /* AlertUtils.m in Sources */,
				2DA1AE6A18E2788900085F27 /* PrinterCell.m in Sources */,
				2DA1AE5D18E2788900085F27 /* DefaultPrinter.m in Sources */,
				2DA1AE5F18E2788900085F27 /* Printer.m in Sources */,
				2DA1AE6718E2788900085F27 /* MenuScrollView.m in Sources */,
				2DA1AE4818E2788900085F27 /* HomeViewController.m in Sources */,
				2DA1AE4F18E2788900085F27 /* PrintPreviewViewController.m in Sources */,
				2DA1AE5B18E2788900085F27 /* Printer+Log.m in Sources */,
				2828313418C70699008B127C /* SmartDeviceApp.xcdatamodeld in Sources */,
				2DA1AE5018E2788900085F27 /* PrintSettingsViewController.m in Sources */,
				2DA1AE4618E2788900085F27 /* SlidingViewController.m in Sources */,
				2DA1AE6918E2788900085F27 /* PrinterCollectionViewCell.m in Sources */,
				2DA1AE4718E2788900085F27 /* UIViewController+Segue.m in Sources */,
				2DA1AE5218E2788900085F27 /* InputUtils.m in Sources */,
				2DA1AE6318E2788900085F27 /* PrinterStatusView.m in Sources */,
				2DA1AE6618E2788900085F27 /* MenuButton.m in Sources */,
				2DA1AE6218E2788900085F27 /* PrintSetting.m in Sources */,
				2DA1AE4318E2788900085F27 /* SlideSegue.m in Sources */,
				2DA1AE6518E2788900085F27 /* UIView+Localization.m in Sources */,
				2DA1AE6818E2788900085F27 /* PDFPageView.m in Sources */,
				2DA1AE5418E2788900085F27 /* PrinterStatusHelper.m in Sources */,
				2DA1AE6B18E2788900085F27 /* SearchResultCell.m in Sources */,
				2DA1AE5A18E2788900085F27 /* SNMPManager.m in Sources */,
			);
			runOnlyForDeploymentPostprocessing = 0;
		};
		2D0AEC53185FE43200810455 /* Sources */ = {
			isa = PBXSourcesBuildPhase;
			buildActionMask = 2147483647;
			files = (
				2D0AEC62185FE43200810455 /* main.m in Sources */,
			);
			runOnlyForDeploymentPostprocessing = 0;
		};
		2D6C90F718F4FA57002A7F48 /* Sources */ = {
			isa = PBXSourcesBuildPhase;
			buildActionMask = 2147483647;
			files = (
				2D6C913618F51257002A7F48 /* directprint.c in Sources */,
				2D6C913B18F53B0E002A7F48 /* snmp.c in Sources */,
			);
			runOnlyForDeploymentPostprocessing = 0;
		};
/* End PBXSourcesBuildPhase section */

/* Begin PBXTargetDependency section */
		2D6C912818F4FC35002A7F48 /* PBXTargetDependency */ = {
			isa = PBXTargetDependency;
			target = 2D6C90FA18F4FA57002A7F48 /* Common */;
			targetProxy = 2D6C912718F4FC35002A7F48 /* PBXContainerItemProxy */;
		};
/* End PBXTargetDependency section */

/* Begin PBXVariantGroup section */
		2D0AEC4A185FDE8100810455 /* InfoPlist.strings */ = {
			isa = PBXVariantGroup;
			children = (
				2D0AEC4B185FDE8100810455 /* en */,
				2D5FC7B918DA7A6300459B92 /* ja */,
			);
			name = InfoPlist.strings;
			sourceTree = "<group>";
		};
		2D0AEC86185FE50000810455 /* InfoPlist.strings */ = {
			isa = PBXVariantGroup;
			children = (
				2D0AEC87185FE50000810455 /* en */,
			);
			name = InfoPlist.strings;
			sourceTree = "<group>";
		};
		2D5FC7B518DA79EB00459B92 /* Localizable.strings */ = {
			isa = PBXVariantGroup;
			children = (
				2D5FC7B618DA79EB00459B92 /* en */,
				2D5FC7B818DA7A5900459B92 /* ja */,
			);
			name = Localizable.strings;
			sourceTree = "<group>";
		};
/* End PBXVariantGroup section */

/* Begin XCBuildConfiguration section */
		2D0AEC32185FDD2100810455 /* Debug */ = {
			isa = XCBuildConfiguration;
			buildSettings = {
				ALWAYS_SEARCH_USER_PATHS = NO;
				ARCHS = "$(ARCHS_STANDARD_INCLUDING_64_BIT)";
				CLANG_CXX_LANGUAGE_STANDARD = "gnu++0x";
				CLANG_CXX_LIBRARY = "libc++";
				CLANG_ENABLE_MODULES = YES;
				CLANG_ENABLE_OBJC_ARC = YES;
				CLANG_WARN_BOOL_CONVERSION = YES;
				CLANG_WARN_CONSTANT_CONVERSION = YES;
				CLANG_WARN_DIRECT_OBJC_ISA_USAGE = YES_ERROR;
				CLANG_WARN_EMPTY_BODY = YES;
				CLANG_WARN_ENUM_CONVERSION = YES;
				CLANG_WARN_INT_CONVERSION = YES;
				CLANG_WARN_OBJC_ROOT_CLASS = YES_ERROR;
				CLANG_WARN__DUPLICATE_METHOD_MATCH = YES;
				"CODE_SIGN_IDENTITY[sdk=iphoneos*]" = "iPhone Developer";
				COPY_PHASE_STRIP = NO;
				GCC_C_LANGUAGE_STANDARD = gnu99;
				GCC_DYNAMIC_NO_PIC = NO;
				GCC_OPTIMIZATION_LEVEL = 0;
				GCC_PREPROCESSOR_DEFINITIONS = (
					"DEBUG=1",
					"$(inherited)",
				);
				GCC_SYMBOLS_PRIVATE_EXTERN = NO;
				GCC_WARN_64_TO_32_BIT_CONVERSION = YES;
				GCC_WARN_ABOUT_RETURN_TYPE = YES_ERROR;
				GCC_WARN_UNDECLARED_SELECTOR = YES;
				GCC_WARN_UNINITIALIZED_AUTOS = YES;
				GCC_WARN_UNUSED_FUNCTION = YES;
				GCC_WARN_UNUSED_VARIABLE = YES;
				IPHONEOS_DEPLOYMENT_TARGET = 6.0;
				ONLY_ACTIVE_ARCH = YES;
				SDKROOT = iphoneos;
				TARGETED_DEVICE_FAMILY = "1,2";
			};
			name = Debug;
		};
		2D0AEC33185FDD2100810455 /* Release */ = {
			isa = XCBuildConfiguration;
			buildSettings = {
				ALWAYS_SEARCH_USER_PATHS = NO;
				ARCHS = "$(ARCHS_STANDARD_INCLUDING_64_BIT)";
				CLANG_CXX_LANGUAGE_STANDARD = "gnu++0x";
				CLANG_CXX_LIBRARY = "libc++";
				CLANG_ENABLE_MODULES = YES;
				CLANG_ENABLE_OBJC_ARC = YES;
				CLANG_WARN_BOOL_CONVERSION = YES;
				CLANG_WARN_CONSTANT_CONVERSION = YES;
				CLANG_WARN_DIRECT_OBJC_ISA_USAGE = YES_ERROR;
				CLANG_WARN_EMPTY_BODY = YES;
				CLANG_WARN_ENUM_CONVERSION = YES;
				CLANG_WARN_INT_CONVERSION = YES;
				CLANG_WARN_OBJC_ROOT_CLASS = YES_ERROR;
				CLANG_WARN__DUPLICATE_METHOD_MATCH = YES;
				"CODE_SIGN_IDENTITY[sdk=iphoneos*]" = "iPhone Developer";
				COPY_PHASE_STRIP = YES;
				ENABLE_NS_ASSERTIONS = NO;
				GCC_C_LANGUAGE_STANDARD = gnu99;
				GCC_WARN_64_TO_32_BIT_CONVERSION = YES;
				GCC_WARN_ABOUT_RETURN_TYPE = YES_ERROR;
				GCC_WARN_UNDECLARED_SELECTOR = YES;
				GCC_WARN_UNINITIALIZED_AUTOS = YES;
				GCC_WARN_UNUSED_FUNCTION = YES;
				GCC_WARN_UNUSED_VARIABLE = YES;
				IPHONEOS_DEPLOYMENT_TARGET = 6.0;
				SDKROOT = iphoneos;
				TARGETED_DEVICE_FAMILY = "1,2";
				VALIDATE_PRODUCT = YES;
			};
			name = Release;
		};
		2D0AEC35185FDD2100810455 /* Debug */ = {
			isa = XCBuildConfiguration;
			buildSettings = {
				ARCHS = "$(ARCHS_STANDARD)";
				ASSETCATALOG_COMPILER_APPICON_NAME = AppIcon;
				ASSETCATALOG_COMPILER_LAUNCHIMAGE_NAME = LaunchImage;
				FRAMEWORK_SEARCH_PATHS = "$(inherited)";
				GCC_PRECOMPILE_PREFIX_HEADER = YES;
				GCC_PREFIX_HEADER = "SmartDeviceApp/SmartDeviceApp-Prefix.pch";
				INFOPLIST_FILE = "SmartDeviceApp/SmartDeviceApp-Info.plist";
				IPHONEOS_DEPLOYMENT_TARGET = 6.0;
				LIBRARY_SEARCH_PATHS = (
					"$(inherited)",
					"/Users/seph/Repos/projects/riso-03/CommonLibrary/3rdParty/net-snmp/lib/ios",
				);
				PRODUCT_NAME = "$(TARGET_NAME)";
				WRAPPER_EXTENSION = app;
			};
			name = Debug;
		};
		2D0AEC36185FDD2100810455 /* Release */ = {
			isa = XCBuildConfiguration;
			buildSettings = {
				ARCHS = "$(ARCHS_STANDARD)";
				ASSETCATALOG_COMPILER_APPICON_NAME = AppIcon;
				ASSETCATALOG_COMPILER_LAUNCHIMAGE_NAME = LaunchImage;
				FRAMEWORK_SEARCH_PATHS = "$(inherited)";
				GCC_PRECOMPILE_PREFIX_HEADER = YES;
				GCC_PREFIX_HEADER = "SmartDeviceApp/SmartDeviceApp-Prefix.pch";
				INFOPLIST_FILE = "SmartDeviceApp/SmartDeviceApp-Info.plist";
				IPHONEOS_DEPLOYMENT_TARGET = 6.0;
				LIBRARY_SEARCH_PATHS = (
					"$(inherited)",
					"/Users/seph/Repos/projects/riso-03/CommonLibrary/3rdParty/net-snmp/lib/ios",
				);
				PRODUCT_NAME = "$(TARGET_NAME)";
				WRAPPER_EXTENSION = app;
			};
			name = Release;
		};
		2D0AEC7B185FE43200810455 /* Debug */ = {
			isa = XCBuildConfiguration;
			buildSettings = {
				ARCHS = "$(ARCHS_STANDARD)";
				ASSETCATALOG_COMPILER_APPICON_NAME = AppIcon;
				ASSETCATALOG_COMPILER_LAUNCHIMAGE_NAME = LaunchImage;
				FRAMEWORK_SEARCH_PATHS = (
					"$(inherited)",
					"$(SRCROOT)/**",
				);
				GCC_PRECOMPILE_PREFIX_HEADER = YES;
				GCC_PREFIX_HEADER = "SmartDeviceAppTests/SmartDeviceAppTests-Prefix.pch";
				GCC_PREPROCESSOR_DEFINITIONS = (
					"DEBUG=1",
					"$(inherited)",
				);
				INFOPLIST_FILE = "SmartDeviceAppTests/SmartDeviceAppTests-Info.plist";
				OTHER_LDFLAGS = "-ObjC";
				PRODUCT_NAME = "$(TARGET_NAME)";
				WRAPPER_EXTENSION = app;
			};
			name = Debug;
		};
		2D0AEC7C185FE43200810455 /* Release */ = {
			isa = XCBuildConfiguration;
			buildSettings = {
				ARCHS = "$(ARCHS_STANDARD)";
				ASSETCATALOG_COMPILER_APPICON_NAME = AppIcon;
				ASSETCATALOG_COMPILER_LAUNCHIMAGE_NAME = LaunchImage;
				FRAMEWORK_SEARCH_PATHS = (
					"$(inherited)",
					"$(SRCROOT)/**",
				);
				GCC_PRECOMPILE_PREFIX_HEADER = YES;
				GCC_PREFIX_HEADER = "SmartDeviceAppTests/SmartDeviceAppTests-Prefix.pch";
				INFOPLIST_FILE = "SmartDeviceAppTests/SmartDeviceAppTests-Info.plist";
				OTHER_LDFLAGS = "-ObjC";
				PRODUCT_NAME = "$(TARGET_NAME)";
				WRAPPER_EXTENSION = app;
			};
			name = Release;
		};
		2D6C911818F4FA57002A7F48 /* Debug */ = {
			isa = XCBuildConfiguration;
			buildSettings = {
				ARCHS = "$(ARCHS_STANDARD)";
				DSTROOT = /tmp/CommonLibrary.dst;
				GCC_PRECOMPILE_PREFIX_HEADER = NO;
				GCC_PREFIX_HEADER = "";
				GCC_PREPROCESSOR_DEFINITIONS = (
					"DEBUG=1",
					"$(inherited)",
				);
				HEADER_SEARCH_PATHS = (
					"$(inherited)",
					/Users/seph/XCode5.0.1/Xcode.app/Contents/Developer/Toolchains/XcodeDefault.xctoolchain/usr/include,
					"../CommonLibrary/3rdParty/net-snmp/include/ios",
				);
				IPHONEOS_DEPLOYMENT_TARGET = 6.0;
				OTHER_LDFLAGS = "-ObjC";
				PRODUCT_NAME = "$(TARGET_NAME)";
				SKIP_INSTALL = YES;
			};
			name = Debug;
		};
		2D6C911918F4FA57002A7F48 /* Release */ = {
			isa = XCBuildConfiguration;
			buildSettings = {
				ARCHS = "$(ARCHS_STANDARD)";
				DSTROOT = /tmp/CommonLibrary.dst;
				GCC_PRECOMPILE_PREFIX_HEADER = NO;
				GCC_PREFIX_HEADER = "";
				HEADER_SEARCH_PATHS = (
					"$(inherited)",
					/Users/seph/XCode5.0.1/Xcode.app/Contents/Developer/Toolchains/XcodeDefault.xctoolchain/usr/include,
					"../CommonLibrary/3rdParty/net-snmp/include/ios",
				);
				IPHONEOS_DEPLOYMENT_TARGET = 6.0;
				OTHER_LDFLAGS = "-ObjC";
				PRODUCT_NAME = "$(TARGET_NAME)";
				SKIP_INSTALL = YES;
			};
			name = Release;
		};
/* End XCBuildConfiguration section */

/* Begin XCConfigurationList section */
		2D0AEBFA185FDD2100810455 /* Build configuration list for PBXProject "SmartDeviceApp" */ = {
			isa = XCConfigurationList;
			buildConfigurations = (
				2D0AEC32185FDD2100810455 /* Debug */,
				2D0AEC33185FDD2100810455 /* Release */,
			);
			defaultConfigurationIsVisible = 0;
			defaultConfigurationName = Release;
		};
		2D0AEC34185FDD2100810455 /* Build configuration list for PBXNativeTarget "SmartDeviceApp" */ = {
			isa = XCConfigurationList;
			buildConfigurations = (
				2D0AEC35185FDD2100810455 /* Debug */,
				2D0AEC36185FDD2100810455 /* Release */,
			);
			defaultConfigurationIsVisible = 0;
			defaultConfigurationName = Release;
		};
		2D0AEC7F185FE43200810455 /* Build configuration list for PBXNativeTarget "SmartDeviceAppTests" */ = {
			isa = XCConfigurationList;
			buildConfigurations = (
				2D0AEC7B185FE43200810455 /* Debug */,
				2D0AEC7C185FE43200810455 /* Release */,
			);
			defaultConfigurationIsVisible = 0;
			defaultConfigurationName = Release;
		};
		2D6C911718F4FA57002A7F48 /* Build configuration list for PBXNativeTarget "Common" */ = {
			isa = XCConfigurationList;
			buildConfigurations = (
				2D6C911818F4FA57002A7F48 /* Debug */,
				2D6C911918F4FA57002A7F48 /* Release */,
			);
			defaultConfigurationIsVisible = 0;
			defaultConfigurationName = Release;
		};
/* End XCConfigurationList section */

/* Begin XCVersionGroup section */
		2828313018C70699008B127C /* SmartDeviceApp.xcdatamodeld */ = {
			isa = XCVersionGroup;
			children = (
				2828313118C70699008B127C /* SmartDeviceApp.xcdatamodel */,
			);
			currentVersion = 2828313118C70699008B127C /* SmartDeviceApp.xcdatamodel */;
			path = SmartDeviceApp.xcdatamodeld;
			sourceTree = "<group>";
			versionGroupType = wrapper.xcdatamodel;
		};
/* End XCVersionGroup section */
	};
	rootObject = 2D0AEBF7185FDD2100810455 /* Project object */;
}
