// !$*UTF8*$!
{
	archiveVersion = 1;
	classes = {
	};
	objectVersion = 46;
	objects = {

/* Begin PBXBuildFile section */
		282830FF18C7012B008B127C /* CoreData.framework in Frameworks */ = {isa = PBXBuildFile; fileRef = 282830FE18C7012B008B127C /* CoreData.framework */; };
		2828310D18C705F3008B127C /* DefaultPrinter.m in Sources */ = {isa = PBXBuildFile; fileRef = 2828310618C705F3008B127C /* DefaultPrinter.m */; };
		2828310E18C705F3008B127C /* Printer.m in Sources */ = {isa = PBXBuildFile; fileRef = 2828310818C705F3008B127C /* Printer.m */; };
		2828310F18C705F3008B127C /* PrintJob.m in Sources */ = {isa = PBXBuildFile; fileRef = 2828310A18C705F3008B127C /* PrintJob.m */; };
		2828311018C705F3008B127C /* PrintSetting.m in Sources */ = {isa = PBXBuildFile; fileRef = 2828310C18C705F3008B127C /* PrintSetting.m */; };
		2828311418C7060A008B127C /* AddPrinterScreenController.m in Sources */ = {isa = PBXBuildFile; fileRef = 2828311318C7060A008B127C /* AddPrinterScreenController.m */; };
		2828311818C70636008B127C /* PrintersScreenController.m in Sources */ = {isa = PBXBuildFile; fileRef = 2828311718C70636008B127C /* PrintersScreenController.m */; };
		2828311C18C7064B008B127C /* PrinterSearchScreenController.m in Sources */ = {isa = PBXBuildFile; fileRef = 2828311B18C7064B008B127C /* PrinterSearchScreenController.m */; };
		2828312618C7066B008B127C /* DatabaseManager.m in Sources */ = {isa = PBXBuildFile; fileRef = 2828311F18C7066B008B127C /* DatabaseManager.m */; };
		2828312718C7066B008B127C /* NetworkManager.m in Sources */ = {isa = PBXBuildFile; fileRef = 2828312118C7066B008B127C /* NetworkManager.m */; };
		2828312818C7066B008B127C /* PrinterManager.m in Sources */ = {isa = PBXBuildFile; fileRef = 2828312318C7066B008B127C /* PrinterManager.m */; };
		2828312918C7066B008B127C /* SNMPManager.m in Sources */ = {isa = PBXBuildFile; fileRef = 2828312518C7066B008B127C /* SNMPManager.m */; };
		2828312E18C7067D008B127C /* InputUtils.m in Sources */ = {isa = PBXBuildFile; fileRef = 2828312D18C7067D008B127C /* InputUtils.m */; };
		2828313418C70699008B127C /* SmartDeviceApp.xcdatamodeld in Sources */ = {isa = PBXBuildFile; fileRef = 2828313018C70699008B127C /* SmartDeviceApp.xcdatamodeld */; };
		2828313518C70699008B127C /* SmartDeviceApp-Settings.plist in Resources */ = {isa = PBXBuildFile; fileRef = 2828313318C70699008B127C /* SmartDeviceApp-Settings.plist */; };
		2D0AEC03185FDD2100810455 /* Foundation.framework in Frameworks */ = {isa = PBXBuildFile; fileRef = 2D0AEC02185FDD2100810455 /* Foundation.framework */; };
		2D0AEC05185FDD2100810455 /* CoreGraphics.framework in Frameworks */ = {isa = PBXBuildFile; fileRef = 2D0AEC04185FDD2100810455 /* CoreGraphics.framework */; };
		2D0AEC07185FDD2100810455 /* UIKit.framework in Frameworks */ = {isa = PBXBuildFile; fileRef = 2D0AEC06185FDD2100810455 /* UIKit.framework */; };
		2D0AEC43185FDE6C00810455 /* AppDelegate.m in Sources */ = {isa = PBXBuildFile; fileRef = 2D0AEC3E185FDE6C00810455 /* AppDelegate.m */; };
		2D0AEC44185FDE6C00810455 /* main.m in Sources */ = {isa = PBXBuildFile; fileRef = 2D0AEC3F185FDE6C00810455 /* main.m */; };
		2D0AEC4F185FDE8100810455 /* Images.xcassets in Resources */ = {isa = PBXBuildFile; fileRef = 2D0AEC48185FDE8100810455 /* Images.xcassets */; };
		2D0AEC50185FDE8100810455 /* InfoPlist.strings in Resources */ = {isa = PBXBuildFile; fileRef = 2D0AEC4A185FDE8100810455 /* InfoPlist.strings */; };
		2D0AEC51185FDE8100810455 /* Main_iPad.storyboard in Resources */ = {isa = PBXBuildFile; fileRef = 2D0AEC4D185FDE8100810455 /* Main_iPad.storyboard */; };
		2D0AEC52185FDE8100810455 /* Main_iPhone.storyboard in Resources */ = {isa = PBXBuildFile; fileRef = 2D0AEC4E185FDE8100810455 /* Main_iPhone.storyboard */; };
		2D0AEC58185FE43200810455 /* Foundation.framework in Frameworks */ = {isa = PBXBuildFile; fileRef = 2D0AEC02185FDD2100810455 /* Foundation.framework */; };
		2D0AEC59185FE43200810455 /* CoreGraphics.framework in Frameworks */ = {isa = PBXBuildFile; fileRef = 2D0AEC04185FDD2100810455 /* CoreGraphics.framework */; };
		2D0AEC5A185FE43200810455 /* UIKit.framework in Frameworks */ = {isa = PBXBuildFile; fileRef = 2D0AEC06185FDD2100810455 /* UIKit.framework */; };
		2D0AEC62185FE43200810455 /* main.m in Sources */ = {isa = PBXBuildFile; fileRef = 2D0AEC61185FE43200810455 /* main.m */; };
		2D0AEC88185FE50000810455 /* GHUnitIOS.framework in Frameworks */ = {isa = PBXBuildFile; fileRef = 2D0AEC83185FE50000810455 /* GHUnitIOS.framework */; };
		2D0AEC89185FE50000810455 /* InfoPlist.strings in Resources */ = {isa = PBXBuildFile; fileRef = 2D0AEC86185FE50000810455 /* InfoPlist.strings */; };
		2D0AEC8B185FE64A00810455 /* QuartzCore.framework in Frameworks */ = {isa = PBXBuildFile; fileRef = 2D0AEC8A185FE64A00810455 /* QuartzCore.framework */; };
		2D11A6C018C5966B007BCB02 /* SlidingViewController.m in Sources */ = {isa = PBXBuildFile; fileRef = 2D11A6BF18C5966B007BCB02 /* SlidingViewController.m */; };
		2D4B3E3618C4137000AC8AD0 /* RootViewController.m in Sources */ = {isa = PBXBuildFile; fileRef = 2D4B3E3518C4137000AC8AD0 /* RootViewController.m */; };
		2D4B3E3A18C4165B00AC8AD0 /* PrintPreviewViewController.m in Sources */ = {isa = PBXBuildFile; fileRef = 2D4B3E3918C4165B00AC8AD0 /* PrintPreviewViewController.m */; };
		2D4B3E3E18C418A900AC8AD0 /* ReplaceSegue.m in Sources */ = {isa = PBXBuildFile; fileRef = 2D4B3E3D18C418A900AC8AD0 /* ReplaceSegue.m */; };
		2D4B3E4218C41BAD00AC8AD0 /* DefaultView.m in Sources */ = {isa = PBXBuildFile; fileRef = 2D4B3E4118C41BAD00AC8AD0 /* DefaultView.m */; };
		2D4B3E4518C4550800AC8AD0 /* SlideSegue.m in Sources */ = {isa = PBXBuildFile; fileRef = 2D4B3E4418C4550800AC8AD0 /* SlideSegue.m */; };
		2D4B3E4918C4693200AC8AD0 /* HomeViewController.m in Sources */ = {isa = PBXBuildFile; fileRef = 2D4B3E4818C4693200AC8AD0 /* HomeViewController.m */; };
		2D9DD409185FF3200085AD88 /* .gitkeep in Resources */ = {isa = PBXBuildFile; fileRef = 2D9DD407185FF3200085AD88 /* .gitkeep */; };
		2D9DD419185FFB830085AD88 /* Foundation.framework in Frameworks */ = {isa = PBXBuildFile; fileRef = 2D0AEC02185FDD2100810455 /* Foundation.framework */; };
		2D9DD41A185FFB830085AD88 /* CoreGraphics.framework in Frameworks */ = {isa = PBXBuildFile; fileRef = 2D0AEC04185FDD2100810455 /* CoreGraphics.framework */; };
		2D9DD41B185FFB830085AD88 /* UIKit.framework in Frameworks */ = {isa = PBXBuildFile; fileRef = 2D0AEC06185FDD2100810455 /* UIKit.framework */; };
		2D9DD423185FFB830085AD88 /* main.mm in Sources */ = {isa = PBXBuildFile; fileRef = 2D9DD422185FFB830085AD88 /* main.mm */; };
		2D9DD442185FFBC50085AD88 /* QuartzCore.framework in Frameworks */ = {isa = PBXBuildFile; fileRef = 2D0AEC8A185FE64A00810455 /* QuartzCore.framework */; };
		2D9DD443185FFBCB0085AD88 /* GHUnitIOS.framework in Frameworks */ = {isa = PBXBuildFile; fileRef = 2D0AEC83185FE50000810455 /* GHUnitIOS.framework */; };
		2D9DD448185FFC160085AD88 /* InfoPlist.strings in Resources */ = {isa = PBXBuildFile; fileRef = 2D9DD446185FFC160085AD88 /* InfoPlist.strings */; };
		2D9DD450185FFED70085AD88 /* gtest-all.cc in Sources */ = {isa = PBXBuildFile; fileRef = 2D9DD44E185FFED70085AD88 /* gtest-all.cc */; };
		2DDACC6E18C47C6A001DEC76 /* PrintSettingsViewController.m in Sources */ = {isa = PBXBuildFile; fileRef = 2DDACC6D18C47C6A001DEC76 /* PrintSettingsViewController.m */; };
/* End PBXBuildFile section */

/* Begin PBXFileReference section */
		282830FE18C7012B008B127C /* CoreData.framework */ = {isa = PBXFileReference; lastKnownFileType = wrapper.framework; name = CoreData.framework; path = System/Library/Frameworks/CoreData.framework; sourceTree = SDKROOT; };
		2828310518C705F3008B127C /* DefaultPrinter.h */ = {isa = PBXFileReference; fileEncoding = 4; lastKnownFileType = sourcecode.c.h; name = DefaultPrinter.h; path = Models/DefaultPrinter.h; sourceTree = "<group>"; };
		2828310618C705F3008B127C /* DefaultPrinter.m */ = {isa = PBXFileReference; fileEncoding = 4; lastKnownFileType = sourcecode.c.objc; name = DefaultPrinter.m; path = Models/DefaultPrinter.m; sourceTree = "<group>"; };
		2828310718C705F3008B127C /* Printer.h */ = {isa = PBXFileReference; fileEncoding = 4; lastKnownFileType = sourcecode.c.h; name = Printer.h; path = Models/Printer.h; sourceTree = "<group>"; };
		2828310818C705F3008B127C /* Printer.m */ = {isa = PBXFileReference; fileEncoding = 4; lastKnownFileType = sourcecode.c.objc; name = Printer.m; path = Models/Printer.m; sourceTree = "<group>"; };
		2828310918C705F3008B127C /* PrintJob.h */ = {isa = PBXFileReference; fileEncoding = 4; lastKnownFileType = sourcecode.c.h; name = PrintJob.h; path = Models/PrintJob.h; sourceTree = "<group>"; };
		2828310A18C705F3008B127C /* PrintJob.m */ = {isa = PBXFileReference; fileEncoding = 4; lastKnownFileType = sourcecode.c.objc; name = PrintJob.m; path = Models/PrintJob.m; sourceTree = "<group>"; };
		2828310B18C705F3008B127C /* PrintSetting.h */ = {isa = PBXFileReference; fileEncoding = 4; lastKnownFileType = sourcecode.c.h; name = PrintSetting.h; path = Models/PrintSetting.h; sourceTree = "<group>"; };
		2828310C18C705F3008B127C /* PrintSetting.m */ = {isa = PBXFileReference; fileEncoding = 4; lastKnownFileType = sourcecode.c.objc; name = PrintSetting.m; path = Models/PrintSetting.m; sourceTree = "<group>"; };
		2828311218C7060A008B127C /* AddPrinterScreenController.h */ = {isa = PBXFileReference; fileEncoding = 4; lastKnownFileType = sourcecode.c.h; name = AddPrinterScreenController.h; path = AddPrinter/AddPrinterScreenController.h; sourceTree = "<group>"; };
		2828311318C7060A008B127C /* AddPrinterScreenController.m */ = {isa = PBXFileReference; fileEncoding = 4; lastKnownFileType = sourcecode.c.objc; name = AddPrinterScreenController.m; path = AddPrinter/AddPrinterScreenController.m; sourceTree = "<group>"; };
		2828311618C70636008B127C /* PrintersScreenController.h */ = {isa = PBXFileReference; fileEncoding = 4; lastKnownFileType = sourcecode.c.h; name = PrintersScreenController.h; path = Printers/PrintersScreenController.h; sourceTree = "<group>"; };
		2828311718C70636008B127C /* PrintersScreenController.m */ = {isa = PBXFileReference; fileEncoding = 4; lastKnownFileType = sourcecode.c.objc; name = PrintersScreenController.m; path = Printers/PrintersScreenController.m; sourceTree = "<group>"; };
		2828311A18C7064B008B127C /* PrinterSearchScreenController.h */ = {isa = PBXFileReference; fileEncoding = 4; lastKnownFileType = sourcecode.c.h; name = PrinterSearchScreenController.h; path = PrinterSearch/PrinterSearchScreenController.h; sourceTree = "<group>"; };
		2828311B18C7064B008B127C /* PrinterSearchScreenController.m */ = {isa = PBXFileReference; fileEncoding = 4; lastKnownFileType = sourcecode.c.objc; name = PrinterSearchScreenController.m; path = PrinterSearch/PrinterSearchScreenController.m; sourceTree = "<group>"; };
		2828311E18C7066B008B127C /* DatabaseManager.h */ = {isa = PBXFileReference; fileEncoding = 4; lastKnownFileType = sourcecode.c.h; name = DatabaseManager.h; path = Managers/DatabaseManager.h; sourceTree = "<group>"; };
		2828311F18C7066B008B127C /* DatabaseManager.m */ = {isa = PBXFileReference; fileEncoding = 4; lastKnownFileType = sourcecode.c.objc; name = DatabaseManager.m; path = Managers/DatabaseManager.m; sourceTree = "<group>"; };
		2828312018C7066B008B127C /* NetworkManager.h */ = {isa = PBXFileReference; fileEncoding = 4; lastKnownFileType = sourcecode.c.h; name = NetworkManager.h; path = Managers/NetworkManager.h; sourceTree = "<group>"; };
		2828312118C7066B008B127C /* NetworkManager.m */ = {isa = PBXFileReference; fileEncoding = 4; lastKnownFileType = sourcecode.c.objc; name = NetworkManager.m; path = Managers/NetworkManager.m; sourceTree = "<group>"; };
		2828312218C7066B008B127C /* PrinterManager.h */ = {isa = PBXFileReference; fileEncoding = 4; lastKnownFileType = sourcecode.c.h; name = PrinterManager.h; path = Managers/PrinterManager.h; sourceTree = "<group>"; };
		2828312318C7066B008B127C /* PrinterManager.m */ = {isa = PBXFileReference; fileEncoding = 4; lastKnownFileType = sourcecode.c.objc; name = PrinterManager.m; path = Managers/PrinterManager.m; sourceTree = "<group>"; };
		2828312418C7066B008B127C /* SNMPManager.h */ = {isa = PBXFileReference; fileEncoding = 4; lastKnownFileType = sourcecode.c.h; name = SNMPManager.h; path = Managers/SNMPManager.h; sourceTree = "<group>"; };
		2828312518C7066B008B127C /* SNMPManager.m */ = {isa = PBXFileReference; fileEncoding = 4; lastKnownFileType = sourcecode.c.objc; name = SNMPManager.m; path = Managers/SNMPManager.m; sourceTree = "<group>"; };
		2828312C18C7067D008B127C /* InputUtils.h */ = {isa = PBXFileReference; fileEncoding = 4; lastKnownFileType = sourcecode.c.h; path = InputUtils.h; sourceTree = "<group>"; };
		2828312D18C7067D008B127C /* InputUtils.m */ = {isa = PBXFileReference; fileEncoding = 4; lastKnownFileType = sourcecode.c.objc; path = InputUtils.m; sourceTree = "<group>"; };
		2828313118C70699008B127C /* SmartDeviceApp.xcdatamodel */ = {isa = PBXFileReference; lastKnownFileType = wrapper.xcdatamodel; path = SmartDeviceApp.xcdatamodel; sourceTree = "<group>"; };
		2828313318C70699008B127C /* SmartDeviceApp-Settings.plist */ = {isa = PBXFileReference; fileEncoding = 4; lastKnownFileType = text.plist.xml; path = "SmartDeviceApp-Settings.plist"; sourceTree = "<group>"; };
		2D0AEBFF185FDD2100810455 /* SmartDeviceApp.app */ = {isa = PBXFileReference; explicitFileType = wrapper.application; includeInIndex = 0; path = SmartDeviceApp.app; sourceTree = BUILT_PRODUCTS_DIR; };
		2D0AEC02185FDD2100810455 /* Foundation.framework */ = {isa = PBXFileReference; lastKnownFileType = wrapper.framework; name = Foundation.framework; path = System/Library/Frameworks/Foundation.framework; sourceTree = SDKROOT; };
		2D0AEC04185FDD2100810455 /* CoreGraphics.framework */ = {isa = PBXFileReference; lastKnownFileType = wrapper.framework; name = CoreGraphics.framework; path = System/Library/Frameworks/CoreGraphics.framework; sourceTree = SDKROOT; };
		2D0AEC06185FDD2100810455 /* UIKit.framework */ = {isa = PBXFileReference; lastKnownFileType = wrapper.framework; name = UIKit.framework; path = System/Library/Frameworks/UIKit.framework; sourceTree = SDKROOT; };
		2D0AEC0A185FDD2100810455 /* SmartDeviceApp-Info.plist */ = {isa = PBXFileReference; lastKnownFileType = text.plist.xml; path = "SmartDeviceApp-Info.plist"; sourceTree = "<group>"; };
		2D0AEC10185FDD2100810455 /* SmartDeviceApp-Prefix.pch */ = {isa = PBXFileReference; lastKnownFileType = sourcecode.c.h; path = "SmartDeviceApp-Prefix.pch"; sourceTree = "<group>"; };
		2D0AEC24185FDD2100810455 /* XCTest.framework */ = {isa = PBXFileReference; lastKnownFileType = wrapper.framework; name = XCTest.framework; path = Library/Frameworks/XCTest.framework; sourceTree = DEVELOPER_DIR; };
		2D0AEC3D185FDE6C00810455 /* AppDelegate.h */ = {isa = PBXFileReference; fileEncoding = 4; lastKnownFileType = sourcecode.c.h; path = AppDelegate.h; sourceTree = "<group>"; };
		2D0AEC3E185FDE6C00810455 /* AppDelegate.m */ = {isa = PBXFileReference; fileEncoding = 4; lastKnownFileType = sourcecode.c.objc; path = AppDelegate.m; sourceTree = "<group>"; };
		2D0AEC3F185FDE6C00810455 /* main.m */ = {isa = PBXFileReference; fileEncoding = 4; lastKnownFileType = sourcecode.c.objc; path = main.m; sourceTree = "<group>"; };
		2D0AEC48185FDE8100810455 /* Images.xcassets */ = {isa = PBXFileReference; lastKnownFileType = folder.assetcatalog; path = Images.xcassets; sourceTree = "<group>"; };
		2D0AEC4B185FDE8100810455 /* en */ = {isa = PBXFileReference; lastKnownFileType = text.plist.strings; name = en; path = en.lproj/InfoPlist.strings; sourceTree = "<group>"; };
		2D0AEC4D185FDE8100810455 /* Main_iPad.storyboard */ = {isa = PBXFileReference; fileEncoding = 4; lastKnownFileType = file.storyboard; path = Main_iPad.storyboard; sourceTree = "<group>"; };
		2D0AEC4E185FDE8100810455 /* Main_iPhone.storyboard */ = {isa = PBXFileReference; fileEncoding = 4; lastKnownFileType = file.storyboard; path = Main_iPhone.storyboard; sourceTree = "<group>"; };
		2D0AEC57185FE43200810455 /* SmartDeviceAppTests.app */ = {isa = PBXFileReference; explicitFileType = wrapper.application; includeInIndex = 0; path = SmartDeviceAppTests.app; sourceTree = BUILT_PRODUCTS_DIR; };
		2D0AEC5D185FE43200810455 /* SmartDeviceAppTests-Info.plist */ = {isa = PBXFileReference; lastKnownFileType = text.plist.xml; path = "SmartDeviceAppTests-Info.plist"; sourceTree = "<group>"; };
		2D0AEC61185FE43200810455 /* main.m */ = {isa = PBXFileReference; lastKnownFileType = sourcecode.c.objc; path = main.m; sourceTree = "<group>"; };
		2D0AEC63185FE43200810455 /* SmartDeviceAppTests-Prefix.pch */ = {isa = PBXFileReference; lastKnownFileType = sourcecode.c.h; path = "SmartDeviceAppTests-Prefix.pch"; sourceTree = "<group>"; };
		2D0AEC83185FE50000810455 /* GHUnitIOS.framework */ = {isa = PBXFileReference; lastKnownFileType = wrapper.framework; path = GHUnitIOS.framework; sourceTree = "<group>"; };
		2D0AEC87185FE50000810455 /* en */ = {isa = PBXFileReference; lastKnownFileType = text.plist.strings; name = en; path = en.lproj/InfoPlist.strings; sourceTree = "<group>"; };
		2D0AEC8A185FE64A00810455 /* QuartzCore.framework */ = {isa = PBXFileReference; lastKnownFileType = wrapper.framework; name = QuartzCore.framework; path = System/Library/Frameworks/QuartzCore.framework; sourceTree = SDKROOT; };
		2D11A6BE18C5966B007BCB02 /* SlidingViewController.h */ = {isa = PBXFileReference; fileEncoding = 4; lastKnownFileType = sourcecode.c.h; path = SlidingViewController.h; sourceTree = "<group>"; };
		2D11A6BF18C5966B007BCB02 /* SlidingViewController.m */ = {isa = PBXFileReference; fileEncoding = 4; lastKnownFileType = sourcecode.c.objc; path = SlidingViewController.m; sourceTree = "<group>"; };
		2D4B3E3418C4137000AC8AD0 /* RootViewController.h */ = {isa = PBXFileReference; fileEncoding = 4; lastKnownFileType = sourcecode.c.h; path = RootViewController.h; sourceTree = "<group>"; };
		2D4B3E3518C4137000AC8AD0 /* RootViewController.m */ = {isa = PBXFileReference; fileEncoding = 4; lastKnownFileType = sourcecode.c.objc; path = RootViewController.m; sourceTree = "<group>"; };
		2D4B3E3818C4165B00AC8AD0 /* PrintPreviewViewController.h */ = {isa = PBXFileReference; fileEncoding = 4; lastKnownFileType = sourcecode.c.h; path = PrintPreviewViewController.h; sourceTree = "<group>"; };
		2D4B3E3918C4165B00AC8AD0 /* PrintPreviewViewController.m */ = {isa = PBXFileReference; fileEncoding = 4; lastKnownFileType = sourcecode.c.objc; path = PrintPreviewViewController.m; sourceTree = "<group>"; };
		2D4B3E3C18C418A900AC8AD0 /* ReplaceSegue.h */ = {isa = PBXFileReference; fileEncoding = 4; lastKnownFileType = sourcecode.c.h; path = ReplaceSegue.h; sourceTree = "<group>"; };
		2D4B3E3D18C418A900AC8AD0 /* ReplaceSegue.m */ = {isa = PBXFileReference; fileEncoding = 4; lastKnownFileType = sourcecode.c.objc; path = ReplaceSegue.m; sourceTree = "<group>"; };
		2D4B3E4018C41BAD00AC8AD0 /* DefaultView.h */ = {isa = PBXFileReference; fileEncoding = 4; lastKnownFileType = sourcecode.c.h; path = DefaultView.h; sourceTree = "<group>"; };
		2D4B3E4118C41BAD00AC8AD0 /* DefaultView.m */ = {isa = PBXFileReference; fileEncoding = 4; lastKnownFileType = sourcecode.c.objc; path = DefaultView.m; sourceTree = "<group>"; };
		2D4B3E4318C4550800AC8AD0 /* SlideSegue.h */ = {isa = PBXFileReference; fileEncoding = 4; lastKnownFileType = sourcecode.c.h; path = SlideSegue.h; sourceTree = "<group>"; };
		2D4B3E4418C4550800AC8AD0 /* SlideSegue.m */ = {isa = PBXFileReference; fileEncoding = 4; lastKnownFileType = sourcecode.c.objc; path = SlideSegue.m; sourceTree = "<group>"; };
		2D4B3E4718C4693200AC8AD0 /* HomeViewController.h */ = {isa = PBXFileReference; fileEncoding = 4; lastKnownFileType = sourcecode.c.h; path = HomeViewController.h; sourceTree = "<group>"; };
		2D4B3E4818C4693200AC8AD0 /* HomeViewController.m */ = {isa = PBXFileReference; fileEncoding = 4; lastKnownFileType = sourcecode.c.objc; path = HomeViewController.m; sourceTree = "<group>"; };
		2D8E525518605F33009BE88B /* GTestEventListener.h */ = {isa = PBXFileReference; explicitFileType = sourcecode.cpp.objcpp.preprocessed; fileEncoding = 4; path = GTestEventListener.h; sourceTree = "<group>"; };
		2D9DD404185FF3200085AD88 /* CommonAPI.h */ = {isa = PBXFileReference; fileEncoding = 4; lastKnownFileType = sourcecode.c.h; path = CommonAPI.h; sourceTree = "<group>"; };
		2D9DD407185FF3200085AD88 /* .gitkeep */ = {isa = PBXFileReference; fileEncoding = 4; lastKnownFileType = text; path = .gitkeep; sourceTree = "<group>"; };
		2D9DD418185FFB830085AD88 /* CommonAPITests.app */ = {isa = PBXFileReference; explicitFileType = wrapper.application; includeInIndex = 0; path = CommonAPITests.app; sourceTree = BUILT_PRODUCTS_DIR; };
		2D9DD41E185FFB830085AD88 /* CommonAPITests-Info.plist */ = {isa = PBXFileReference; lastKnownFileType = text.plist.xml; path = "CommonAPITests-Info.plist"; sourceTree = "<group>"; };
		2D9DD422185FFB830085AD88 /* main.mm */ = {isa = PBXFileReference; lastKnownFileType = sourcecode.cpp.objcpp; path = main.mm; sourceTree = "<group>"; };
		2D9DD424185FFB830085AD88 /* CommonAPITests-Prefix.pch */ = {isa = PBXFileReference; lastKnownFileType = sourcecode.c.h; path = "CommonAPITests-Prefix.pch"; sourceTree = "<group>"; };
		2D9DD447185FFC160085AD88 /* en */ = {isa = PBXFileReference; lastKnownFileType = text.plist.strings; name = en; path = en.lproj/InfoPlist.strings; sourceTree = "<group>"; };
		2D9DD44E185FFED70085AD88 /* gtest-all.cc */ = {isa = PBXFileReference; fileEncoding = 4; lastKnownFileType = sourcecode.cpp.cpp; path = "gtest-all.cc"; sourceTree = "<group>"; };
		2D9DD44F185FFED70085AD88 /* gtest.h */ = {isa = PBXFileReference; fileEncoding = 4; lastKnownFileType = sourcecode.c.h; path = gtest.h; sourceTree = "<group>"; };
		2DDACC6C18C47C6A001DEC76 /* PrintSettingsViewController.h */ = {isa = PBXFileReference; fileEncoding = 4; lastKnownFileType = sourcecode.c.h; path = PrintSettingsViewController.h; sourceTree = "<group>"; };
		2DDACC6D18C47C6A001DEC76 /* PrintSettingsViewController.m */ = {isa = PBXFileReference; fileEncoding = 4; lastKnownFileType = sourcecode.c.objc; path = PrintSettingsViewController.m; sourceTree = "<group>"; };
/* End PBXFileReference section */

/* Begin PBXFrameworksBuildPhase section */
		2D0AEBFC185FDD2100810455 /* Frameworks */ = {
			isa = PBXFrameworksBuildPhase;
			buildActionMask = 2147483647;
			files = (
				282830FF18C7012B008B127C /* CoreData.framework in Frameworks */,
				2D0AEC05185FDD2100810455 /* CoreGraphics.framework in Frameworks */,
				2D0AEC07185FDD2100810455 /* UIKit.framework in Frameworks */,
				2D0AEC03185FDD2100810455 /* Foundation.framework in Frameworks */,
			);
			runOnlyForDeploymentPostprocessing = 0;
		};
		2D0AEC54185FE43200810455 /* Frameworks */ = {
			isa = PBXFrameworksBuildPhase;
			buildActionMask = 2147483647;
			files = (
				2D0AEC8B185FE64A00810455 /* QuartzCore.framework in Frameworks */,
				2D0AEC59185FE43200810455 /* CoreGraphics.framework in Frameworks */,
				2D0AEC88185FE50000810455 /* GHUnitIOS.framework in Frameworks */,
				2D0AEC5A185FE43200810455 /* UIKit.framework in Frameworks */,
				2D0AEC58185FE43200810455 /* Foundation.framework in Frameworks */,
			);
			runOnlyForDeploymentPostprocessing = 0;
		};
		2D9DD415185FFB830085AD88 /* Frameworks */ = {
			isa = PBXFrameworksBuildPhase;
			buildActionMask = 2147483647;
			files = (
				2D9DD442185FFBC50085AD88 /* QuartzCore.framework in Frameworks */,
				2D9DD41A185FFB830085AD88 /* CoreGraphics.framework in Frameworks */,
				2D9DD41B185FFB830085AD88 /* UIKit.framework in Frameworks */,
				2D9DD419185FFB830085AD88 /* Foundation.framework in Frameworks */,
				2D9DD443185FFBCB0085AD88 /* GHUnitIOS.framework in Frameworks */,
			);
			runOnlyForDeploymentPostprocessing = 0;
		};
/* End PBXFrameworksBuildPhase section */

/* Begin PBXGroup section */
		2828310418C70515008B127C /* Models */ = {
			isa = PBXGroup;
			children = (
				2828310518C705F3008B127C /* DefaultPrinter.h */,
				2828310618C705F3008B127C /* DefaultPrinter.m */,
				2828310718C705F3008B127C /* Printer.h */,
				2828310818C705F3008B127C /* Printer.m */,
				2828310918C705F3008B127C /* PrintJob.h */,
				2828310A18C705F3008B127C /* PrintJob.m */,
				2828310B18C705F3008B127C /* PrintSetting.h */,
				2828310C18C705F3008B127C /* PrintSetting.m */,
			);
			name = Models;
			sourceTree = "<group>";
		};
		2828311118C705FD008B127C /* AddPrinter */ = {
			isa = PBXGroup;
			children = (
				2828311218C7060A008B127C /* AddPrinterScreenController.h */,
				2828311318C7060A008B127C /* AddPrinterScreenController.m */,
			);
			name = AddPrinter;
			sourceTree = "<group>";
		};
		2828311518C7062B008B127C /* Printers */ = {
			isa = PBXGroup;
			children = (
				2828311618C70636008B127C /* PrintersScreenController.h */,
				2828311718C70636008B127C /* PrintersScreenController.m */,
			);
			name = Printers;
			sourceTree = "<group>";
		};
		2828311918C7063E008B127C /* PrinterSearch */ = {
			isa = PBXGroup;
			children = (
				2828311A18C7064B008B127C /* PrinterSearchScreenController.h */,
				2828311B18C7064B008B127C /* PrinterSearchScreenController.m */,
			);
			name = PrinterSearch;
			sourceTree = "<group>";
		};
		2828311D18C7065C008B127C /* Managers */ = {
			isa = PBXGroup;
			children = (
				2828311E18C7066B008B127C /* DatabaseManager.h */,
				2828311F18C7066B008B127C /* DatabaseManager.m */,
				2828312018C7066B008B127C /* NetworkManager.h */,
				2828312118C7066B008B127C /* NetworkManager.m */,
				2828312218C7066B008B127C /* PrinterManager.h */,
				2828312318C7066B008B127C /* PrinterManager.m */,
				2828312418C7066B008B127C /* SNMPManager.h */,
				2828312518C7066B008B127C /* SNMPManager.m */,
			);
			name = Managers;
			sourceTree = "<group>";
		};
		2828312A18C7066F008B127C /* Helpers */ = {
			isa = PBXGroup;
			children = (
				2828312B18C7067D008B127C /* Utilities */,
			);
			name = Helpers;
			sourceTree = "<group>";
		};
		2828312B18C7067D008B127C /* Utilities */ = {
			isa = PBXGroup;
			children = (
				2828312C18C7067D008B127C /* InputUtils.h */,
				2828312D18C7067D008B127C /* InputUtils.m */,
			);
			name = Utilities;
			path = Helpers/Utilities;
			sourceTree = "<group>";
		};
		2828312F18C70699008B127C /* Database */ = {
			isa = PBXGroup;
			children = (
				2828313018C70699008B127C /* SmartDeviceApp.xcdatamodeld */,
			);
			path = Database;
			sourceTree = "<group>";
		};
		2828313218C70699008B127C /* PropertyList */ = {
			isa = PBXGroup;
			children = (
				2828313318C70699008B127C /* SmartDeviceApp-Settings.plist */,
			);
			path = PropertyList;
			sourceTree = "<group>";
		};
		2D0AEBF6185FDD2100810455 = {
			isa = PBXGroup;
			children = (
				2D0AEC08185FDD2100810455 /* SmartDeviceApp */,
				2D0AEC5B185FE43200810455 /* SmartDeviceAppTests */,
				2D9DD402185FF3200085AD88 /* CommonAPI */,
				2D9DD41C185FFB830085AD88 /* CommonAPITests */,
				2D0AEC01185FDD2100810455 /* Frameworks */,
				2D0AEC46185FDE8100810455 /* Resources */,
				2D0AEC00185FDD2100810455 /* Products */,
			);
			sourceTree = "<group>";
		};
		2D0AEC00185FDD2100810455 /* Products */ = {
			isa = PBXGroup;
			children = (
				2D0AEBFF185FDD2100810455 /* SmartDeviceApp.app */,
				2D0AEC57185FE43200810455 /* SmartDeviceAppTests.app */,
				2D9DD418185FFB830085AD88 /* CommonAPITests.app */,
			);
			name = Products;
			sourceTree = "<group>";
		};
		2D0AEC01185FDD2100810455 /* Frameworks */ = {
			isa = PBXGroup;
			children = (
				282830FE18C7012B008B127C /* CoreData.framework */,
				2D0AEC8A185FE64A00810455 /* QuartzCore.framework */,
				2D0AEC02185FDD2100810455 /* Foundation.framework */,
				2D0AEC04185FDD2100810455 /* CoreGraphics.framework */,
				2D0AEC06185FDD2100810455 /* UIKit.framework */,
				2D0AEC24185FDD2100810455 /* XCTest.framework */,
			);
			name = Frameworks;
			sourceTree = "<group>";
		};
		2D0AEC08185FDD2100810455 /* SmartDeviceApp */ = {
			isa = PBXGroup;
			children = (
				2D0AEC3A185FDE6C00810455 /* Classes */,
				2D0AEC09185FDD2100810455 /* Supporting Files */,
			);
			path = SmartDeviceApp;
			sourceTree = "<group>";
		};
		2D0AEC09185FDD2100810455 /* Supporting Files */ = {
			isa = PBXGroup;
			children = (
				2D0AEC0A185FDD2100810455 /* SmartDeviceApp-Info.plist */,
				2D0AEC10185FDD2100810455 /* SmartDeviceApp-Prefix.pch */,
			);
			name = "Supporting Files";
			sourceTree = "<group>";
		};
		2D0AEC3A185FDE6C00810455 /* Classes */ = {
			isa = PBXGroup;
			children = (
				2828310418C70515008B127C /* Models */,
				2D0AEC3B185FDE6C00810455 /* Controllers */,
				2D4B3E3F18C41B9700AC8AD0 /* Views */,
				2828311D18C7065C008B127C /* Managers */,
				2828312A18C7066F008B127C /* Helpers */,
			);
			path = Classes;
			sourceTree = "<group>";
		};
		2D0AEC3B185FDE6C00810455 /* Controllers */ = {
			isa = PBXGroup;
			children = (
				2D0AEC3C185FDE6C00810455 /* AppLauncher */,
				2D4B3E3218C4136000AC8AD0 /* ViewControllers */,
				2D4B3E3B18C4188A00AC8AD0 /* Segues */,
			);
			path = Controllers;
			sourceTree = "<group>";
		};
		2D0AEC3C185FDE6C00810455 /* AppLauncher */ = {
			isa = PBXGroup;
			children = (
				2D0AEC3D185FDE6C00810455 /* AppDelegate.h */,
				2D0AEC3E185FDE6C00810455 /* AppDelegate.m */,
				2D0AEC3F185FDE6C00810455 /* main.m */,
			);
			path = AppLauncher;
			sourceTree = "<group>";
		};
		2D0AEC46185FDE8100810455 /* Resources */ = {
			isa = PBXGroup;
			children = (
				2828312F18C70699008B127C /* Database */,
				2D0AEC47185FDE8100810455 /* Images */,
				2D0AEC49185FDE8100810455 /* Locales */,
				2D0AEC4C185FDE8100810455 /* Storyboards */,
				2828313218C70699008B127C /* PropertyList */,
			);
			name = Resources;
			path = SmartDeviceApp/Resources;
			sourceTree = "<group>";
		};
		2D0AEC47185FDE8100810455 /* Images */ = {
			isa = PBXGroup;
			children = (
				2D0AEC48185FDE8100810455 /* Images.xcassets */,
			);
			path = Images;
			sourceTree = "<group>";
		};
		2D0AEC49185FDE8100810455 /* Locales */ = {
			isa = PBXGroup;
			children = (
				2D0AEC4A185FDE8100810455 /* InfoPlist.strings */,
			);
			path = Locales;
			sourceTree = "<group>";
		};
		2D0AEC4C185FDE8100810455 /* Storyboards */ = {
			isa = PBXGroup;
			children = (
				2D0AEC4D185FDE8100810455 /* Main_iPad.storyboard */,
				2D0AEC4E185FDE8100810455 /* Main_iPhone.storyboard */,
			);
			path = Storyboards;
			sourceTree = "<group>";
		};
		2D0AEC5B185FE43200810455 /* SmartDeviceAppTests */ = {
			isa = PBXGroup;
			children = (
				2D0AEC81185FE50000810455 /* Classes */,
				2D0AEC82185FE50000810455 /* GHUnit */,
				2D0AEC84185FE50000810455 /* Resources */,
				2D0AEC5C185FE43200810455 /* Supporting Files */,
			);
			path = SmartDeviceAppTests;
			sourceTree = "<group>";
		};
		2D0AEC5C185FE43200810455 /* Supporting Files */ = {
			isa = PBXGroup;
			children = (
				2D0AEC5D185FE43200810455 /* SmartDeviceAppTests-Info.plist */,
				2D0AEC61185FE43200810455 /* main.m */,
				2D0AEC63185FE43200810455 /* SmartDeviceAppTests-Prefix.pch */,
			);
			name = "Supporting Files";
			sourceTree = "<group>";
		};
		2D0AEC81185FE50000810455 /* Classes */ = {
			isa = PBXGroup;
			children = (
			);
			path = Classes;
			sourceTree = "<group>";
		};
		2D0AEC82185FE50000810455 /* GHUnit */ = {
			isa = PBXGroup;
			children = (
				2D0AEC83185FE50000810455 /* GHUnitIOS.framework */,
			);
			path = GHUnit;
			sourceTree = "<group>";
		};
		2D0AEC84185FE50000810455 /* Resources */ = {
			isa = PBXGroup;
			children = (
				2D0AEC85185FE50000810455 /* Locales */,
			);
			path = Resources;
			sourceTree = "<group>";
		};
		2D0AEC85185FE50000810455 /* Locales */ = {
			isa = PBXGroup;
			children = (
				2D0AEC86185FE50000810455 /* InfoPlist.strings */,
			);
			path = Locales;
			sourceTree = "<group>";
		};
		2D4B3E3218C4136000AC8AD0 /* ViewControllers */ = {
			isa = PBXGroup;
			children = (
				2D4B3E3318C4136000AC8AD0 /* General */,
				2D4B3E4618C4691F00AC8AD0 /* Home */,
				2D4B3E3718C4164A00AC8AD0 /* PrintPreview */,
				2DDACC6B18C47C5E001DEC76 /* PrintSettings */,
				2828311518C7062B008B127C /* Printers */,
				2828311118C705FD008B127C /* AddPrinter */,
				2828311918C7063E008B127C /* PrinterSearch */,
			);
			path = ViewControllers;
			sourceTree = "<group>";
		};
		2D4B3E3318C4136000AC8AD0 /* General */ = {
			isa = PBXGroup;
			children = (
				2D4B3E3418C4137000AC8AD0 /* RootViewController.h */,
				2D4B3E3518C4137000AC8AD0 /* RootViewController.m */,
				2D11A6BE18C5966B007BCB02 /* SlidingViewController.h */,
				2D11A6BF18C5966B007BCB02 /* SlidingViewController.m */,
			);
			path = General;
			sourceTree = "<group>";
		};
		2D4B3E3718C4164A00AC8AD0 /* PrintPreview */ = {
			isa = PBXGroup;
			children = (
				2D4B3E3818C4165B00AC8AD0 /* PrintPreviewViewController.h */,
				2D4B3E3918C4165B00AC8AD0 /* PrintPreviewViewController.m */,
			);
			path = PrintPreview;
			sourceTree = "<group>";
		};
		2D4B3E3B18C4188A00AC8AD0 /* Segues */ = {
			isa = PBXGroup;
			children = (
				2D4B3E3C18C418A900AC8AD0 /* ReplaceSegue.h */,
				2D4B3E3D18C418A900AC8AD0 /* ReplaceSegue.m */,
				2D4B3E4318C4550800AC8AD0 /* SlideSegue.h */,
				2D4B3E4418C4550800AC8AD0 /* SlideSegue.m */,
			);
			path = Segues;
			sourceTree = "<group>";
		};
		2D4B3E3F18C41B9700AC8AD0 /* Views */ = {
			isa = PBXGroup;
			children = (
				2D4B3E4018C41BAD00AC8AD0 /* DefaultView.h */,
				2D4B3E4118C41BAD00AC8AD0 /* DefaultView.m */,
			);
			path = Views;
			sourceTree = "<group>";
		};
		2D4B3E4618C4691F00AC8AD0 /* Home */ = {
			isa = PBXGroup;
			children = (
				2D4B3E4718C4693200AC8AD0 /* HomeViewController.h */,
				2D4B3E4818C4693200AC8AD0 /* HomeViewController.m */,
			);
			path = Home;
			sourceTree = "<group>";
		};
		2D9DD402185FF3200085AD88 /* CommonAPI */ = {
			isa = PBXGroup;
			children = (
				2D9DD403185FF3200085AD88 /* include */,
				2D9DD406185FF3200085AD88 /* src */,
			);
			name = CommonAPI;
			path = ../CommonAPI;
			sourceTree = "<group>";
		};
		2D9DD403185FF3200085AD88 /* include */ = {
			isa = PBXGroup;
			children = (
				2D9DD404185FF3200085AD88 /* CommonAPI.h */,
			);
			path = include;
			sourceTree = "<group>";
		};
		2D9DD406185FF3200085AD88 /* src */ = {
			isa = PBXGroup;
			children = (
				2D9DD407185FF3200085AD88 /* .gitkeep */,
			);
			path = src;
			sourceTree = "<group>";
		};
		2D9DD40F185FFA1D0085AD88 /* tests */ = {
			isa = PBXGroup;
			children = (
				2D9DD44C185FFED70085AD88 /* googletest */,
			);
			name = tests;
			path = ../../CommonAPI/tests;
			sourceTree = "<group>";
		};
		2D9DD41C185FFB830085AD88 /* CommonAPITests */ = {
			isa = PBXGroup;
			children = (
				2D9DD40F185FFA1D0085AD88 /* tests */,
				2D9DD41D185FFB830085AD88 /* Supporting Files */,
				2D9DD444185FFC160085AD88 /* Resources */,
			);
			path = CommonAPITests;
			sourceTree = "<group>";
		};
		2D9DD41D185FFB830085AD88 /* Supporting Files */ = {
			isa = PBXGroup;
			children = (
				2D9DD41E185FFB830085AD88 /* CommonAPITests-Info.plist */,
				2D9DD422185FFB830085AD88 /* main.mm */,
				2D9DD424185FFB830085AD88 /* CommonAPITests-Prefix.pch */,
				2D8E525518605F33009BE88B /* GTestEventListener.h */,
			);
			name = "Supporting Files";
			sourceTree = "<group>";
		};
		2D9DD444185FFC160085AD88 /* Resources */ = {
			isa = PBXGroup;
			children = (
				2D9DD445185FFC160085AD88 /* Locales */,
			);
			path = Resources;
			sourceTree = "<group>";
		};
		2D9DD445185FFC160085AD88 /* Locales */ = {
			isa = PBXGroup;
			children = (
				2D9DD446185FFC160085AD88 /* InfoPlist.strings */,
			);
			path = Locales;
			sourceTree = "<group>";
		};
		2D9DD44C185FFED70085AD88 /* googletest */ = {
			isa = PBXGroup;
			children = (
				2D9DD44D185FFED70085AD88 /* gtest */,
			);
			path = googletest;
			sourceTree = "<group>";
		};
		2D9DD44D185FFED70085AD88 /* gtest */ = {
			isa = PBXGroup;
			children = (
				2D9DD44E185FFED70085AD88 /* gtest-all.cc */,
				2D9DD44F185FFED70085AD88 /* gtest.h */,
			);
			path = gtest;
			sourceTree = "<group>";
		};
		2DDACC6B18C47C5E001DEC76 /* PrintSettings */ = {
			isa = PBXGroup;
			children = (
				2DDACC6C18C47C6A001DEC76 /* PrintSettingsViewController.h */,
				2DDACC6D18C47C6A001DEC76 /* PrintSettingsViewController.m */,
			);
			path = PrintSettings;
			sourceTree = "<group>";
		};
/* End PBXGroup section */

/* Begin PBXNativeTarget section */
		2D0AEBFE185FDD2100810455 /* SmartDeviceApp */ = {
			isa = PBXNativeTarget;
			buildConfigurationList = 2D0AEC34185FDD2100810455 /* Build configuration list for PBXNativeTarget "SmartDeviceApp" */;
			buildPhases = (
				2D0AEBFB185FDD2100810455 /* Sources */,
				2D0AEBFC185FDD2100810455 /* Frameworks */,
				2D0AEBFD185FDD2100810455 /* Resources */,
			);
			buildRules = (
			);
			dependencies = (
			);
			name = SmartDeviceApp;
			productName = SmartDeviceApp;
			productReference = 2D0AEBFF185FDD2100810455 /* SmartDeviceApp.app */;
			productType = "com.apple.product-type.application";
		};
		2D0AEC56185FE43200810455 /* SmartDeviceAppTests */ = {
			isa = PBXNativeTarget;
			buildConfigurationList = 2D0AEC7F185FE43200810455 /* Build configuration list for PBXNativeTarget "SmartDeviceAppTests" */;
			buildPhases = (
				2D0AEC53185FE43200810455 /* Sources */,
				2D0AEC54185FE43200810455 /* Frameworks */,
				2D0AEC55185FE43200810455 /* Resources */,
			);
			buildRules = (
			);
			dependencies = (
			);
			name = SmartDeviceAppTests;
			productName = SmartDeviceAppTests;
			productReference = 2D0AEC57185FE43200810455 /* SmartDeviceAppTests.app */;
			productType = "com.apple.product-type.application";
		};
		2D9DD417185FFB830085AD88 /* CommonAPITests */ = {
			isa = PBXNativeTarget;
			buildConfigurationList = 2D9DD43C185FFB840085AD88 /* Build configuration list for PBXNativeTarget "CommonAPITests" */;
			buildPhases = (
				2D9DD414185FFB830085AD88 /* Sources */,
				2D9DD415185FFB830085AD88 /* Frameworks */,
				2D9DD416185FFB830085AD88 /* Resources */,
			);
			buildRules = (
			);
			dependencies = (
			);
			name = CommonAPITests;
			productName = CommonAPITests;
			productReference = 2D9DD418185FFB830085AD88 /* CommonAPITests.app */;
			productType = "com.apple.product-type.application";
		};
/* End PBXNativeTarget section */

/* Begin PBXProject section */
		2D0AEBF7185FDD2100810455 /* Project object */ = {
			isa = PBXProject;
			attributes = {
				LastUpgradeCheck = 0500;
				ORGANIZATIONNAME = aLink;
			};
			buildConfigurationList = 2D0AEBFA185FDD2100810455 /* Build configuration list for PBXProject "SmartDeviceApp" */;
			compatibilityVersion = "Xcode 3.2";
			developmentRegion = English;
			hasScannedForEncodings = 0;
			knownRegions = (
				en,
				Base,
			);
			mainGroup = 2D0AEBF6185FDD2100810455;
			productRefGroup = 2D0AEC00185FDD2100810455 /* Products */;
			projectDirPath = "";
			projectRoot = "";
			targets = (
				2D0AEBFE185FDD2100810455 /* SmartDeviceApp */,
				2D0AEC56185FE43200810455 /* SmartDeviceAppTests */,
				2D9DD417185FFB830085AD88 /* CommonAPITests */,
			);
		};
/* End PBXProject section */

/* Begin PBXResourcesBuildPhase section */
		2D0AEBFD185FDD2100810455 /* Resources */ = {
			isa = PBXResourcesBuildPhase;
			buildActionMask = 2147483647;
			files = (
				2D0AEC51185FDE8100810455 /* Main_iPad.storyboard in Resources */,
				2D0AEC52185FDE8100810455 /* Main_iPhone.storyboard in Resources */,
				2D9DD409185FF3200085AD88 /* .gitkeep in Resources */,
				2D0AEC50185FDE8100810455 /* InfoPlist.strings in Resources */,
				2828313518C70699008B127C /* SmartDeviceApp-Settings.plist in Resources */,
				2D0AEC4F185FDE8100810455 /* Images.xcassets in Resources */,
			);
			runOnlyForDeploymentPostprocessing = 0;
		};
		2D0AEC55185FE43200810455 /* Resources */ = {
			isa = PBXResourcesBuildPhase;
			buildActionMask = 2147483647;
			files = (
				2D0AEC89185FE50000810455 /* InfoPlist.strings in Resources */,
			);
			runOnlyForDeploymentPostprocessing = 0;
		};
		2D9DD416185FFB830085AD88 /* Resources */ = {
			isa = PBXResourcesBuildPhase;
			buildActionMask = 2147483647;
			files = (
				2D9DD448185FFC160085AD88 /* InfoPlist.strings in Resources */,
			);
			runOnlyForDeploymentPostprocessing = 0;
		};
/* End PBXResourcesBuildPhase section */

/* Begin PBXSourcesBuildPhase section */
		2D0AEBFB185FDD2100810455 /* Sources */ = {
			isa = PBXSourcesBuildPhase;
			buildActionMask = 2147483647;
			files = (
				2828312E18C7067D008B127C /* InputUtils.m in Sources */,
				2828311818C70636008B127C /* PrintersScreenController.m in Sources */,
				2828311018C705F3008B127C /* PrintSetting.m in Sources */,
				2828310E18C705F3008B127C /* Printer.m in Sources */,
				2DDACC6E18C47C6A001DEC76 /* PrintSettingsViewController.m in Sources */,
				2D4B3E3E18C418A900AC8AD0 /* ReplaceSegue.m in Sources */,
				2D0AEC43185FDE6C00810455 /* AppDelegate.m in Sources */,
				2D4B3E3A18C4165B00AC8AD0 /* PrintPreviewViewController.m in Sources */,
				2828311418C7060A008B127C /* AddPrinterScreenController.m in Sources */,
				2D0AEC44185FDE6C00810455 /* main.m in Sources */,
				2828311C18C7064B008B127C /* PrinterSearchScreenController.m in Sources */,
				2828312818C7066B008B127C /* PrinterManager.m in Sources */,
				2828312618C7066B008B127C /* DatabaseManager.m in Sources */,
				2828310F18C705F3008B127C /* PrintJob.m in Sources */,
				2D4B3E4518C4550800AC8AD0 /* SlideSegue.m in Sources */,
				2828313418C70699008B127C /* SmartDeviceApp.xcdatamodeld in Sources */,
				2828312718C7066B008B127C /* NetworkManager.m in Sources */,
				2828310D18C705F3008B127C /* DefaultPrinter.m in Sources */,
				2D4B3E4218C41BAD00AC8AD0 /* DefaultView.m in Sources */,
				2D4B3E3618C4137000AC8AD0 /* RootViewController.m in Sources */,
				2D4B3E4918C4693200AC8AD0 /* HomeViewController.m in Sources */,
				2D11A6C018C5966B007BCB02 /* SlidingViewController.m in Sources */,
				2828312918C7066B008B127C /* SNMPManager.m in Sources */,
			);
			runOnlyForDeploymentPostprocessing = 0;
		};
		2D0AEC53185FE43200810455 /* Sources */ = {
			isa = PBXSourcesBuildPhase;
			buildActionMask = 2147483647;
			files = (
				2D0AEC62185FE43200810455 /* main.m in Sources */,
			);
			runOnlyForDeploymentPostprocessing = 0;
		};
		2D9DD414185FFB830085AD88 /* Sources */ = {
			isa = PBXSourcesBuildPhase;
			buildActionMask = 2147483647;
			files = (
				2D9DD423185FFB830085AD88 /* main.mm in Sources */,
				2D9DD450185FFED70085AD88 /* gtest-all.cc in Sources */,
			);
			runOnlyForDeploymentPostprocessing = 0;
		};
/* End PBXSourcesBuildPhase section */

/* Begin PBXVariantGroup section */
		2D0AEC4A185FDE8100810455 /* InfoPlist.strings */ = {
			isa = PBXVariantGroup;
			children = (
				2D0AEC4B185FDE8100810455 /* en */,
			);
			name = InfoPlist.strings;
			sourceTree = "<group>";
		};
		2D0AEC86185FE50000810455 /* InfoPlist.strings */ = {
			isa = PBXVariantGroup;
			children = (
				2D0AEC87185FE50000810455 /* en */,
			);
			name = InfoPlist.strings;
			sourceTree = "<group>";
		};
		2D9DD446185FFC160085AD88 /* InfoPlist.strings */ = {
			isa = PBXVariantGroup;
			children = (
				2D9DD447185FFC160085AD88 /* en */,
			);
			name = InfoPlist.strings;
			sourceTree = "<group>";
		};
/* End PBXVariantGroup section */

/* Begin XCBuildConfiguration section */
		2D0AEC32185FDD2100810455 /* Debug */ = {
			isa = XCBuildConfiguration;
			buildSettings = {
				ALWAYS_SEARCH_USER_PATHS = NO;
				ARCHS = "$(ARCHS_STANDARD_INCLUDING_64_BIT)";
				CLANG_CXX_LANGUAGE_STANDARD = "gnu++0x";
				CLANG_CXX_LIBRARY = "libc++";
				CLANG_ENABLE_MODULES = YES;
				CLANG_ENABLE_OBJC_ARC = YES;
				CLANG_WARN_BOOL_CONVERSION = YES;
				CLANG_WARN_CONSTANT_CONVERSION = YES;
				CLANG_WARN_DIRECT_OBJC_ISA_USAGE = YES_ERROR;
				CLANG_WARN_EMPTY_BODY = YES;
				CLANG_WARN_ENUM_CONVERSION = YES;
				CLANG_WARN_INT_CONVERSION = YES;
				CLANG_WARN_OBJC_ROOT_CLASS = YES_ERROR;
				CLANG_WARN__DUPLICATE_METHOD_MATCH = YES;
				"CODE_SIGN_IDENTITY[sdk=iphoneos*]" = "iPhone Developer";
				COPY_PHASE_STRIP = NO;
				GCC_C_LANGUAGE_STANDARD = gnu99;
				GCC_DYNAMIC_NO_PIC = NO;
				GCC_OPTIMIZATION_LEVEL = 0;
				GCC_PREPROCESSOR_DEFINITIONS = (
					"DEBUG=1",
					"$(inherited)",
				);
				GCC_SYMBOLS_PRIVATE_EXTERN = NO;
				GCC_WARN_64_TO_32_BIT_CONVERSION = YES;
				GCC_WARN_ABOUT_RETURN_TYPE = YES_ERROR;
				GCC_WARN_UNDECLARED_SELECTOR = YES;
				GCC_WARN_UNINITIALIZED_AUTOS = YES;
				GCC_WARN_UNUSED_FUNCTION = YES;
				GCC_WARN_UNUSED_VARIABLE = YES;
				IPHONEOS_DEPLOYMENT_TARGET = 6.0;
				ONLY_ACTIVE_ARCH = YES;
				SDKROOT = iphoneos;
				TARGETED_DEVICE_FAMILY = "1,2";
			};
			name = Debug;
		};
		2D0AEC33185FDD2100810455 /* Release */ = {
			isa = XCBuildConfiguration;
			buildSettings = {
				ALWAYS_SEARCH_USER_PATHS = NO;
				ARCHS = "$(ARCHS_STANDARD_INCLUDING_64_BIT)";
				CLANG_CXX_LANGUAGE_STANDARD = "gnu++0x";
				CLANG_CXX_LIBRARY = "libc++";
				CLANG_ENABLE_MODULES = YES;
				CLANG_ENABLE_OBJC_ARC = YES;
				CLANG_WARN_BOOL_CONVERSION = YES;
				CLANG_WARN_CONSTANT_CONVERSION = YES;
				CLANG_WARN_DIRECT_OBJC_ISA_USAGE = YES_ERROR;
				CLANG_WARN_EMPTY_BODY = YES;
				CLANG_WARN_ENUM_CONVERSION = YES;
				CLANG_WARN_INT_CONVERSION = YES;
				CLANG_WARN_OBJC_ROOT_CLASS = YES_ERROR;
				CLANG_WARN__DUPLICATE_METHOD_MATCH = YES;
				"CODE_SIGN_IDENTITY[sdk=iphoneos*]" = "iPhone Developer";
				COPY_PHASE_STRIP = YES;
				ENABLE_NS_ASSERTIONS = NO;
				GCC_C_LANGUAGE_STANDARD = gnu99;
				GCC_WARN_64_TO_32_BIT_CONVERSION = YES;
				GCC_WARN_ABOUT_RETURN_TYPE = YES_ERROR;
				GCC_WARN_UNDECLARED_SELECTOR = YES;
				GCC_WARN_UNINITIALIZED_AUTOS = YES;
				GCC_WARN_UNUSED_FUNCTION = YES;
				GCC_WARN_UNUSED_VARIABLE = YES;
				IPHONEOS_DEPLOYMENT_TARGET = 6.0;
				SDKROOT = iphoneos;
				TARGETED_DEVICE_FAMILY = "1,2";
				VALIDATE_PRODUCT = YES;
			};
			name = Release;
		};
		2D0AEC35185FDD2100810455 /* Debug */ = {
			isa = XCBuildConfiguration;
			buildSettings = {
				ASSETCATALOG_COMPILER_APPICON_NAME = AppIcon;
				ASSETCATALOG_COMPILER_LAUNCHIMAGE_NAME = LaunchImage;
				GCC_PRECOMPILE_PREFIX_HEADER = YES;
				GCC_PREFIX_HEADER = "SmartDeviceApp/SmartDeviceApp-Prefix.pch";
				INFOPLIST_FILE = "SmartDeviceApp/SmartDeviceApp-Info.plist";
				IPHONEOS_DEPLOYMENT_TARGET = 6.1;
				PRODUCT_NAME = "$(TARGET_NAME)";
				WRAPPER_EXTENSION = app;
			};
			name = Debug;
		};
		2D0AEC36185FDD2100810455 /* Release */ = {
			isa = XCBuildConfiguration;
			buildSettings = {
				ASSETCATALOG_COMPILER_APPICON_NAME = AppIcon;
				ASSETCATALOG_COMPILER_LAUNCHIMAGE_NAME = LaunchImage;
				GCC_PRECOMPILE_PREFIX_HEADER = YES;
				GCC_PREFIX_HEADER = "SmartDeviceApp/SmartDeviceApp-Prefix.pch";
				INFOPLIST_FILE = "SmartDeviceApp/SmartDeviceApp-Info.plist";
				IPHONEOS_DEPLOYMENT_TARGET = 6.1;
				PRODUCT_NAME = "$(TARGET_NAME)";
				WRAPPER_EXTENSION = app;
			};
			name = Release;
		};
		2D0AEC7B185FE43200810455 /* Debug */ = {
			isa = XCBuildConfiguration;
			buildSettings = {
				ARCHS = "$(ARCHS_STANDARD)";
				ASSETCATALOG_COMPILER_APPICON_NAME = AppIcon;
				ASSETCATALOG_COMPILER_LAUNCHIMAGE_NAME = LaunchImage;
				FRAMEWORK_SEARCH_PATHS = (
					"$(inherited)",
					/Users/seph/Projects/SmartDeviceApp/iOS/SmartDeviceAppTests/GHUnit,
				);
				GCC_PRECOMPILE_PREFIX_HEADER = YES;
				GCC_PREFIX_HEADER = "SmartDeviceAppTests/SmartDeviceAppTests-Prefix.pch";
				GCC_PREPROCESSOR_DEFINITIONS = (
					"DEBUG=1",
					"$(inherited)",
				);
				INFOPLIST_FILE = "SmartDeviceAppTests/SmartDeviceAppTests-Info.plist";
				OTHER_LDFLAGS = "-ObjC";
				PRODUCT_NAME = "$(TARGET_NAME)";
				WRAPPER_EXTENSION = app;
			};
			name = Debug;
		};
		2D0AEC7C185FE43200810455 /* Release */ = {
			isa = XCBuildConfiguration;
			buildSettings = {
				ARCHS = "$(ARCHS_STANDARD)";
				ASSETCATALOG_COMPILER_APPICON_NAME = AppIcon;
				ASSETCATALOG_COMPILER_LAUNCHIMAGE_NAME = LaunchImage;
				FRAMEWORK_SEARCH_PATHS = (
					"$(inherited)",
					/Users/seph/Projects/SmartDeviceApp/iOS/SmartDeviceAppTests/GHUnit,
				);
				GCC_PRECOMPILE_PREFIX_HEADER = YES;
				GCC_PREFIX_HEADER = "SmartDeviceAppTests/SmartDeviceAppTests-Prefix.pch";
				INFOPLIST_FILE = "SmartDeviceAppTests/SmartDeviceAppTests-Info.plist";
				OTHER_LDFLAGS = "-ObjC";
				PRODUCT_NAME = "$(TARGET_NAME)";
				WRAPPER_EXTENSION = app;
			};
			name = Release;
		};
		2D9DD43D185FFB840085AD88 /* Debug */ = {
			isa = XCBuildConfiguration;
			buildSettings = {
				ARCHS = "$(ARCHS_STANDARD)";
				ASSETCATALOG_COMPILER_APPICON_NAME = AppIcon;
				ASSETCATALOG_COMPILER_LAUNCHIMAGE_NAME = LaunchImage;
				FRAMEWORK_SEARCH_PATHS = (
					"$(inherited)",
					/Users/seph/Projects/SmartDeviceApp/iOS/SmartDeviceAppTests/GHUnit,
				);
				GCC_PRECOMPILE_PREFIX_HEADER = YES;
				GCC_PREFIX_HEADER = "CommonAPITests/CommonAPITests-Prefix.pch";
				GCC_PREPROCESSOR_DEFINITIONS = (
					"DEBUG=1",
					"$(inherited)",
				);
				HEADER_SEARCH_PATHS = (
					"$(inherited)",
					/Users/seph/XCode5.0.1/Xcode.app/Contents/Developer/Toolchains/XcodeDefault.xctoolchain/usr/include,
					../CommonAPI/tests/googletest,
				);
				INFOPLIST_FILE = "CommonAPITests/CommonAPITests-Info.plist";
				OTHER_LDFLAGS = "-ObjC";
				PRODUCT_NAME = "$(TARGET_NAME)";
				WRAPPER_EXTENSION = app;
			};
			name = Debug;
		};
		2D9DD43E185FFB840085AD88 /* Release */ = {
			isa = XCBuildConfiguration;
			buildSettings = {
				ARCHS = "$(ARCHS_STANDARD)";
				ASSETCATALOG_COMPILER_APPICON_NAME = AppIcon;
				ASSETCATALOG_COMPILER_LAUNCHIMAGE_NAME = LaunchImage;
				FRAMEWORK_SEARCH_PATHS = (
					"$(inherited)",
					/Users/seph/Projects/SmartDeviceApp/iOS/SmartDeviceAppTests/GHUnit,
				);
				GCC_PRECOMPILE_PREFIX_HEADER = YES;
				GCC_PREFIX_HEADER = "CommonAPITests/CommonAPITests-Prefix.pch";
				HEADER_SEARCH_PATHS = (
					"$(inherited)",
					/Users/seph/XCode5.0.1/Xcode.app/Contents/Developer/Toolchains/XcodeDefault.xctoolchain/usr/include,
					../CommonAPI/tests/googletest,
				);
				INFOPLIST_FILE = "CommonAPITests/CommonAPITests-Info.plist";
				OTHER_LDFLAGS = "-ObjC";
				PRODUCT_NAME = "$(TARGET_NAME)";
				WRAPPER_EXTENSION = app;
			};
			name = Release;
		};
/* End XCBuildConfiguration section */

/* Begin XCConfigurationList section */
		2D0AEBFA185FDD2100810455 /* Build configuration list for PBXProject "SmartDeviceApp" */ = {
			isa = XCConfigurationList;
			buildConfigurations = (
				2D0AEC32185FDD2100810455 /* Debug */,
				2D0AEC33185FDD2100810455 /* Release */,
			);
			defaultConfigurationIsVisible = 0;
			defaultConfigurationName = Release;
		};
		2D0AEC34185FDD2100810455 /* Build configuration list for PBXNativeTarget "SmartDeviceApp" */ = {
			isa = XCConfigurationList;
			buildConfigurations = (
				2D0AEC35185FDD2100810455 /* Debug */,
				2D0AEC36185FDD2100810455 /* Release */,
			);
			defaultConfigurationIsVisible = 0;
			defaultConfigurationName = Release;
		};
		2D0AEC7F185FE43200810455 /* Build configuration list for PBXNativeTarget "SmartDeviceAppTests" */ = {
			isa = XCConfigurationList;
			buildConfigurations = (
				2D0AEC7B185FE43200810455 /* Debug */,
				2D0AEC7C185FE43200810455 /* Release */,
			);
			defaultConfigurationIsVisible = 0;
			defaultConfigurationName = Release;
		};
		2D9DD43C185FFB840085AD88 /* Build configuration list for PBXNativeTarget "CommonAPITests" */ = {
			isa = XCConfigurationList;
			buildConfigurations = (
				2D9DD43D185FFB840085AD88 /* Debug */,
				2D9DD43E185FFB840085AD88 /* Release */,
			);
			defaultConfigurationIsVisible = 0;
			defaultConfigurationName = Release;
		};
/* End XCConfigurationList section */

/* Begin XCVersionGroup section */
		2828313018C70699008B127C /* SmartDeviceApp.xcdatamodeld */ = {
			isa = XCVersionGroup;
			children = (
				2828313118C70699008B127C /* SmartDeviceApp.xcdatamodel */,
			);
			currentVersion = 2828313118C70699008B127C /* SmartDeviceApp.xcdatamodel */;
			path = SmartDeviceApp.xcdatamodeld;
			sourceTree = "<group>";
			versionGroupType = wrapper.xcdatamodel;
		};
/* End XCVersionGroup section */
	};
	rootObject = 2D0AEBF7185FDD2100810455 /* Project object */;
}
